<?xml version="1.0" encoding="UTF-8"?>
<!DOCTYPE plist PUBLIC "-//Apple//DTD PLIST 1.0//EN" "http://www.apple.com/DTDs/PropertyList-1.0.dtd">
<plist version="1.0">
<dict>
	<key>archiveVersion</key>
	<string>1</string>
	<key>classes</key>
	<dict/>
	<key>objectVersion</key>
	<string>46</string>
	<key>objects</key>
	<dict>
		<key>01BBEE692E6F896E8FE20919</key>
		<dict>
			<key>buildActionMask</key>
			<string>2147483647</string>
			<key>files</key>
			<array/>
			<key>inputPaths</key>
			<array/>
			<key>isa</key>
			<string>PBXShellScriptBuildPhase</string>
			<key>name</key>
			<string>Embed Pods Frameworks</string>
			<key>outputPaths</key>
			<array/>
			<key>runOnlyForDeploymentPostprocessing</key>
			<string>0</string>
			<key>shellPath</key>
			<string>/bin/sh</string>
			<key>shellScript</key>
			<string>"${SRCROOT}/Pods/Target Support Files/Pods/Pods-frameworks.sh"
</string>
			<key>showEnvVarsInLog</key>
			<string>0</string>
		</dict>
		<key>2092A382986FE68AC56EF770</key>
		<dict>
			<key>buildActionMask</key>
			<string>2147483647</string>
			<key>files</key>
			<array/>
			<key>inputPaths</key>
			<array/>
			<key>isa</key>
			<string>PBXShellScriptBuildPhase</string>
			<key>name</key>
			<string>Copy Pods Resources</string>
			<key>outputPaths</key>
			<array/>
			<key>runOnlyForDeploymentPostprocessing</key>
			<string>0</string>
			<key>shellPath</key>
			<string>/bin/sh</string>
			<key>shellScript</key>
			<string>"${SRCROOT}/Pods/Target Support Files/Pods-BufferKitDemoTests/Pods-BufferKitDemoTests-resources.sh"
</string>
			<key>showEnvVarsInLog</key>
			<string>0</string>
		</dict>
		<key>26B7FEF4CD8F145022E9419A</key>
		<dict>
			<key>explicitFileType</key>
			<string>wrapper.framework</string>
			<key>includeInIndex</key>
			<string>0</string>
			<key>isa</key>
			<string>PBXFileReference</string>
			<key>path</key>
			<string>Pods_BufferKitDemoTests.framework</string>
			<key>sourceTree</key>
			<string>BUILT_PRODUCTS_DIR</string>
		</dict>
		<key>3DC2B22175D03F5C98C04CB4</key>
		<dict>
			<key>includeInIndex</key>
			<string>1</string>
			<key>isa</key>
			<string>PBXFileReference</string>
			<key>lastKnownFileType</key>
			<string>text.xcconfig</string>
			<key>name</key>
			<string>Pods-BufferKitDemo.release.xcconfig</string>
			<key>path</key>
			<string>Pods/Target Support Files/Pods-BufferKitDemo/Pods-BufferKitDemo.release.xcconfig</string>
			<key>sourceTree</key>
			<string>&lt;group&gt;</string>
		</dict>
		<key>3F032C77D804D1B5DC537C03</key>
		<dict>
			<key>buildActionMask</key>
			<string>2147483647</string>
			<key>files</key>
			<array/>
			<key>inputPaths</key>
			<array/>
			<key>isa</key>
			<string>PBXShellScriptBuildPhase</string>
			<key>name</key>
			<string>Embed Pods Frameworks</string>
			<key>outputPaths</key>
			<array/>
			<key>runOnlyForDeploymentPostprocessing</key>
			<string>0</string>
			<key>shellPath</key>
			<string>/bin/sh</string>
			<key>shellScript</key>
			<string>"${SRCROOT}/Pods/Target Support Files/Pods-BufferKitDemoTests/Pods-BufferKitDemoTests-frameworks.sh"
</string>
			<key>showEnvVarsInLog</key>
			<string>0</string>
		</dict>
		<key>40835F7F7301672EBF855879</key>
		<dict>
			<key>fileRef</key>
			<string>768C06FE09F3008D1AE2B746</string>
			<key>isa</key>
			<string>PBXBuildFile</string>
		</dict>
		<key>5701A1361C8CAFCD000354A2</key>
		<dict>
			<key>fileEncoding</key>
			<string>4</string>
			<key>isa</key>
			<string>PBXFileReference</string>
			<key>lastKnownFileType</key>
			<string>sourcecode.swift</string>
			<key>name</key>
			<string>SuccessUpdate.swift</string>
			<key>path</key>
			<string>../BufferKit/SuccessUpdate.swift</string>
			<key>sourceTree</key>
			<string>&lt;group&gt;</string>
		</dict>
		<key>5701A1371C8CAFCD000354A2</key>
		<dict>
			<key>fileRef</key>
			<string>5701A1361C8CAFCD000354A2</string>
			<key>isa</key>
			<string>PBXBuildFile</string>
		</dict>
		<key>5701A1381C8CAFDD000354A2</key>
		<dict>
			<key>fileRef</key>
			<string>5701A1361C8CAFCD000354A2</string>
			<key>isa</key>
			<string>PBXBuildFile</string>
		</dict>
		<key>5701A1391C8CE178000354A2</key>
		<dict>
			<key>fileEncoding</key>
			<string>4</string>
			<key>isa</key>
			<string>PBXFileReference</string>
			<key>lastKnownFileType</key>
			<string>sourcecode.swift</string>
			<key>name</key>
			<string>SingleUpdateResult.swift</string>
			<key>path</key>
			<string>../BufferKit/SingleUpdateResult.swift</string>
			<key>sourceTree</key>
			<string>&lt;group&gt;</string>
		</dict>
		<key>5701A13A1C8CE178000354A2</key>
		<dict>
			<key>fileRef</key>
			<string>5701A1391C8CE178000354A2</string>
			<key>isa</key>
			<string>PBXBuildFile</string>
		</dict>
		<key>5701A13B1C8CE1DA000354A2</key>
		<dict>
			<key>fileRef</key>
			<string>5701A1391C8CE178000354A2</string>
			<key>isa</key>
			<string>PBXBuildFile</string>
		</dict>
		<key>5701A13C1C8CE35D000354A2</key>
		<dict>
			<key>fileEncoding</key>
			<string>4</string>
			<key>isa</key>
			<string>PBXFileReference</string>
			<key>lastKnownFileType</key>
			<string>sourcecode.swift</string>
			<key>name</key>
			<string>LinkInfo.swift</string>
			<key>path</key>
			<string>../BufferKit/LinkInfo.swift</string>
			<key>sourceTree</key>
			<string>&lt;group&gt;</string>
		</dict>
		<key>5701A13D1C8CE35D000354A2</key>
		<dict>
			<key>fileRef</key>
			<string>5701A13C1C8CE35D000354A2</string>
			<key>isa</key>
			<string>PBXBuildFile</string>
		</dict>
		<key>5701A13E1C8CE393000354A2</key>
		<dict>
			<key>fileRef</key>
			<string>5701A13C1C8CE35D000354A2</string>
			<key>isa</key>
			<string>PBXBuildFile</string>
		</dict>
		<key>5701A13F1C8CE439000354A2</key>
		<dict>
			<key>fileEncoding</key>
			<string>4</string>
			<key>isa</key>
			<string>PBXFileReference</string>
			<key>lastKnownFileType</key>
			<string>sourcecode.swift</string>
			<key>name</key>
			<string>Configuration.swift</string>
			<key>path</key>
			<string>../BufferKit/Configuration.swift</string>
			<key>sourceTree</key>
			<string>&lt;group&gt;</string>
		</dict>
		<key>5701A1401C8CE439000354A2</key>
		<dict>
			<key>fileRef</key>
			<string>5701A13F1C8CE439000354A2</string>
			<key>isa</key>
			<string>PBXBuildFile</string>
		</dict>
		<key>5701A1411C8CE44E000354A2</key>
		<dict>
			<key>fileRef</key>
			<string>5701A13F1C8CE439000354A2</string>
			<key>isa</key>
			<string>PBXBuildFile</string>
		</dict>
		<key>5707DC011C7AB9CA00F5D799</key>
		<dict>
			<key>children</key>
			<array>
				<string>57BD20A41C82087000E8A608</string>
				<string>57BD20AB1C820FC200E8A608</string>
				<string>57BD20A21C81F2A200E8A608</string>
			</array>
			<key>isa</key>
			<string>PBXGroup</string>
			<key>name</key>
			<string>BufferKit</string>
			<key>path</key>
			<string>BufferKitDemo</string>
			<key>sourceTree</key>
			<string>&lt;group&gt;</string>
		</dict>
		<key>5707DC021C7ABBF600F5D799</key>
		<dict>
			<key>fileEncoding</key>
			<string>4</string>
			<key>isa</key>
			<string>PBXFileReference</string>
			<key>lastKnownFileType</key>
			<string>sourcecode.swift</string>
			<key>path</key>
			<string>UserTestCase.swift</string>
			<key>sourceTree</key>
			<string>&lt;group&gt;</string>
		</dict>
		<key>5707DC031C7ABBF600F5D799</key>
		<dict>
			<key>fileRef</key>
			<string>5707DC021C7ABBF600F5D799</string>
			<key>isa</key>
			<string>PBXBuildFile</string>
		</dict>
		<key>5707DC041C7ABC4100F5D799</key>
		<dict>
			<key>fileEncoding</key>
			<string>4</string>
			<key>isa</key>
			<string>PBXFileReference</string>
			<key>lastKnownFileType</key>
			<string>text.json</string>
			<key>path</key>
			<string>user_success.json</string>
			<key>sourceTree</key>
			<string>&lt;group&gt;</string>
		</dict>
		<key>5707DC051C7ABC4100F5D799</key>
		<dict>
			<key>fileRef</key>
			<string>5707DC041C7ABC4100F5D799</string>
			<key>isa</key>
			<string>PBXBuildFile</string>
		</dict>
		<key>5707DC061C7ABC4600F5D799</key>
		<dict>
			<key>children</key>
			<array>
				<string>5707DC041C7ABC4100F5D799</string>
				<string>57BD20B71C83A59500E8A608</string>
				<string>57BD20C81C8628BD00E8A608</string>
				<string>57AC1C221C862CAA0048950E</string>
				<string>57AC1C271C862E790048950E</string>
			</array>
			<key>isa</key>
			<string>PBXGroup</string>
			<key>name</key>
			<string>JSON</string>
			<key>sourceTree</key>
			<string>&lt;group&gt;</string>
		</dict>
		<key>5707DC071C7ABCFF00F5D799</key>
		<dict>
			<key>fileEncoding</key>
			<string>4</string>
			<key>isa</key>
			<string>PBXFileReference</string>
			<key>lastKnownFileType</key>
			<string>sourcecode.swift</string>
			<key>name</key>
			<string>MoyaBufferClient.swift</string>
			<key>path</key>
			<string>../../BufferKit/MoyaBufferClient.swift</string>
			<key>sourceTree</key>
			<string>&lt;group&gt;</string>
		</dict>
		<key>5707DC081C7ABCFF00F5D799</key>
		<dict>
			<key>fileRef</key>
			<string>5707DC071C7ABCFF00F5D799</string>
			<key>isa</key>
			<string>PBXBuildFile</string>
		</dict>
		<key>5707DC091C7ABCFF00F5D799</key>
		<dict>
			<key>fileRef</key>
			<string>5707DC071C7ABCFF00F5D799</string>
			<key>isa</key>
			<string>PBXBuildFile</string>
		</dict>
		<key>5707DC0D1C7AC08C00F5D799</key>
		<dict>
			<key>fileEncoding</key>
			<string>4</string>
			<key>isa</key>
			<string>PBXFileReference</string>
			<key>lastKnownFileType</key>
			<string>sourcecode.swift</string>
			<key>name</key>
			<string>User.swift</string>
			<key>path</key>
			<string>../BufferKit/User.swift</string>
			<key>sourceTree</key>
			<string>&lt;group&gt;</string>
		</dict>
		<key>5707DC0E1C7AC08C00F5D799</key>
		<dict>
			<key>fileRef</key>
			<string>5707DC0D1C7AC08C00F5D799</string>
			<key>isa</key>
			<string>PBXBuildFile</string>
		</dict>
		<key>5733081D1CA886F0001CAC92</key>
		<dict>
			<key>buildSettings</key>
			<dict>
				<key>ALWAYS_SEARCH_USER_PATHS</key>
				<string>NO</string>
				<key>CLANG_CXX_LANGUAGE_STANDARD</key>
				<string>gnu++0x</string>
				<key>CLANG_CXX_LIBRARY</key>
				<string>libc++</string>
				<key>CLANG_ENABLE_MODULES</key>
				<string>YES</string>
				<key>CLANG_ENABLE_OBJC_ARC</key>
				<string>YES</string>
				<key>CLANG_WARN_BOOL_CONVERSION</key>
				<string>YES</string>
				<key>CLANG_WARN_CONSTANT_CONVERSION</key>
				<string>YES</string>
				<key>CLANG_WARN_DIRECT_OBJC_ISA_USAGE</key>
				<string>YES_ERROR</string>
				<key>CLANG_WARN_EMPTY_BODY</key>
				<string>YES</string>
				<key>CLANG_WARN_ENUM_CONVERSION</key>
				<string>YES</string>
				<key>CLANG_WARN_INT_CONVERSION</key>
				<string>YES</string>
				<key>CLANG_WARN_OBJC_ROOT_CLASS</key>
				<string>YES_ERROR</string>
				<key>CLANG_WARN_UNREACHABLE_CODE</key>
				<string>YES</string>
				<key>CLANG_WARN__DUPLICATE_METHOD_MATCH</key>
				<string>YES</string>
				<key>CODE_SIGN_IDENTITY[sdk=iphoneos*]</key>
				<string>iPhone Developer</string>
				<key>COPY_PHASE_STRIP</key>
				<string>NO</string>
				<key>DEBUG_INFORMATION_FORMAT</key>
				<string>dwarf-with-dsym</string>
				<key>ENABLE_NS_ASSERTIONS</key>
				<string>NO</string>
				<key>ENABLE_STRICT_OBJC_MSGSEND</key>
				<string>YES</string>
				<key>ENABLE_TESTABILITY</key>
				<string>YES</string>
				<key>GCC_C_LANGUAGE_STANDARD</key>
				<string>gnu99</string>
				<key>GCC_NO_COMMON_BLOCKS</key>
				<string>YES</string>
				<key>GCC_WARN_64_TO_32_BIT_CONVERSION</key>
				<string>YES</string>
				<key>GCC_WARN_ABOUT_RETURN_TYPE</key>
				<string>YES_ERROR</string>
				<key>GCC_WARN_UNDECLARED_SELECTOR</key>
				<string>YES</string>
				<key>GCC_WARN_UNINITIALIZED_AUTOS</key>
				<string>YES_AGGRESSIVE</string>
				<key>GCC_WARN_UNUSED_FUNCTION</key>
				<string>YES</string>
				<key>GCC_WARN_UNUSED_VARIABLE</key>
				<string>YES</string>
				<key>IPHONEOS_DEPLOYMENT_TARGET</key>
				<string>9.0</string>
				<key>MTL_ENABLE_DEBUG_INFO</key>
				<string>NO</string>
				<key>ONLY_ACTIVE_ARCH</key>
				<string>YES</string>
				<key>SDKROOT</key>
				<string>iphoneos</string>
				<key>TARGETED_DEVICE_FAMILY</key>
				<string>1,2</string>
				<key>VALIDATE_PRODUCT</key>
				<string>YES</string>
			</dict>
			<key>isa</key>
			<string>XCBuildConfiguration</string>
			<key>name</key>
			<string>Debug</string>
		</dict>
		<key>5733081E1CA886F0001CAC92</key>
		<dict>
			<key>baseConfigurationReference</key>
			<string>92D87B75DDBC85320A0348FF</string>
			<key>buildSettings</key>
			<dict>
				<key>ASSETCATALOG_COMPILER_APPICON_NAME</key>
				<string>AppIcon</string>
				<key>INFOPLIST_FILE</key>
				<string>BufferKitDemo/Info.plist</string>
				<key>IPHONEOS_DEPLOYMENT_TARGET</key>
				<string>9.0</string>
				<key>LD_RUNPATH_SEARCH_PATHS</key>
				<string>$(inherited) @executable_path/Frameworks</string>
				<key>PRODUCT_BUNDLE_IDENTIFIER</key>
				<string>com.buffer.core.BufferKitDemo</string>
				<key>PRODUCT_NAME</key>
				<string>$(TARGET_NAME)</string>
			</dict>
			<key>isa</key>
			<string>XCBuildConfiguration</string>
			<key>name</key>
			<string>Debug</string>
		</dict>
		<key>5733081F1CA886F0001CAC92</key>
		<dict>
			<key>baseConfigurationReference</key>
			<string>ADC3D89BBBB8EF29F76C7AF0</string>
			<key>buildSettings</key>
			<dict>
				<key>BUNDLE_LOADER</key>
				<string>$(TEST_HOST)</string>
				<key>INFOPLIST_FILE</key>
				<string>BufferKitDemoTests/Info.plist</string>
				<key>LD_RUNPATH_SEARCH_PATHS</key>
				<string>$(inherited) @executable_path/Frameworks @loader_path/Frameworks</string>
				<key>PRODUCT_BUNDLE_IDENTIFIER</key>
				<string>com.buffer.core.BufferKitDemoTests</string>
				<key>PRODUCT_NAME</key>
				<string>$(TARGET_NAME)</string>
				<key>TEST_HOST</key>
				<string>$(BUILT_PRODUCTS_DIR)/BufferKitDemo.app/BufferKitDemo</string>
			</dict>
			<key>isa</key>
			<string>XCBuildConfiguration</string>
			<key>name</key>
			<string>Debug</string>
		</dict>
		<key>573308201CA887A7001CAC92</key>
		<dict>
			<key>buildSettings</key>
			<dict>
				<key>ALWAYS_SEARCH_USER_PATHS</key>
				<string>NO</string>
				<key>CLANG_CXX_LANGUAGE_STANDARD</key>
				<string>gnu++0x</string>
				<key>CLANG_CXX_LIBRARY</key>
				<string>libc++</string>
				<key>CLANG_ENABLE_MODULES</key>
				<string>YES</string>
				<key>CLANG_ENABLE_OBJC_ARC</key>
				<string>YES</string>
				<key>CLANG_WARN_BOOL_CONVERSION</key>
				<string>YES</string>
				<key>CLANG_WARN_CONSTANT_CONVERSION</key>
				<string>YES</string>
				<key>CLANG_WARN_DIRECT_OBJC_ISA_USAGE</key>
				<string>YES_ERROR</string>
				<key>CLANG_WARN_EMPTY_BODY</key>
				<string>YES</string>
				<key>CLANG_WARN_ENUM_CONVERSION</key>
				<string>YES</string>
				<key>CLANG_WARN_INT_CONVERSION</key>
				<string>YES</string>
				<key>CLANG_WARN_OBJC_ROOT_CLASS</key>
				<string>YES_ERROR</string>
				<key>CLANG_WARN_UNREACHABLE_CODE</key>
				<string>YES</string>
				<key>CLANG_WARN__DUPLICATE_METHOD_MATCH</key>
				<string>YES</string>
				<key>CODE_SIGN_IDENTITY[sdk=iphoneos*]</key>
				<string>iPhone Developer</string>
				<key>COPY_PHASE_STRIP</key>
				<string>NO</string>
				<key>DEBUG_INFORMATION_FORMAT</key>
				<string>dwarf-with-dsym</string>
				<key>ENABLE_NS_ASSERTIONS</key>
				<string>NO</string>
				<key>ENABLE_STRICT_OBJC_MSGSEND</key>
				<string>YES</string>
				<key>GCC_C_LANGUAGE_STANDARD</key>
				<string>gnu99</string>
				<key>GCC_NO_COMMON_BLOCKS</key>
				<string>YES</string>
				<key>GCC_WARN_64_TO_32_BIT_CONVERSION</key>
				<string>YES</string>
				<key>GCC_WARN_ABOUT_RETURN_TYPE</key>
				<string>YES_ERROR</string>
				<key>GCC_WARN_UNDECLARED_SELECTOR</key>
				<string>YES</string>
				<key>GCC_WARN_UNINITIALIZED_AUTOS</key>
				<string>YES_AGGRESSIVE</string>
				<key>GCC_WARN_UNUSED_FUNCTION</key>
				<string>YES</string>
				<key>GCC_WARN_UNUSED_VARIABLE</key>
				<string>YES</string>
				<key>IPHONEOS_DEPLOYMENT_TARGET</key>
				<string>9.0</string>
				<key>MTL_ENABLE_DEBUG_INFO</key>
				<string>NO</string>
				<key>SDKROOT</key>
				<string>iphoneos</string>
				<key>TARGETED_DEVICE_FAMILY</key>
				<string>1,2</string>
				<key>VALIDATE_PRODUCT</key>
				<string>YES</string>
			</dict>
			<key>isa</key>
			<string>XCBuildConfiguration</string>
			<key>name</key>
			<string>Release</string>
		</dict>
		<key>573308211CA887A7001CAC92</key>
		<dict>
			<key>baseConfigurationReference</key>
			<string>3DC2B22175D03F5C98C04CB4</string>
			<key>buildSettings</key>
			<dict>
				<key>ASSETCATALOG_COMPILER_APPICON_NAME</key>
				<string>AppIcon</string>
				<key>INFOPLIST_FILE</key>
				<string>BufferKitDemo/Info.plist</string>
				<key>IPHONEOS_DEPLOYMENT_TARGET</key>
				<string>9.0</string>
				<key>LD_RUNPATH_SEARCH_PATHS</key>
				<string>$(inherited) @executable_path/Frameworks</string>
				<key>PRODUCT_BUNDLE_IDENTIFIER</key>
				<string>com.buffer.core.BufferKitDemo</string>
				<key>PRODUCT_NAME</key>
				<string>$(TARGET_NAME)</string>
			</dict>
			<key>isa</key>
			<string>XCBuildConfiguration</string>
			<key>name</key>
			<string>Release</string>
		</dict>
		<key>573308221CA887A7001CAC92</key>
		<dict>
			<key>baseConfigurationReference</key>
			<string>D0FE236759B7CA9FF715F3F6</string>
			<key>buildSettings</key>
			<dict>
				<key>BUNDLE_LOADER</key>
				<string>$(TEST_HOST)</string>
				<key>INFOPLIST_FILE</key>
				<string>BufferKitDemoTests/Info.plist</string>
				<key>LD_RUNPATH_SEARCH_PATHS</key>
				<string>$(inherited) @executable_path/Frameworks @loader_path/Frameworks</string>
				<key>PRODUCT_BUNDLE_IDENTIFIER</key>
				<string>com.buffer.core.BufferKitDemoTests</string>
				<key>PRODUCT_NAME</key>
				<string>$(TARGET_NAME)</string>
				<key>TEST_HOST</key>
				<string>$(BUILT_PRODUCTS_DIR)/BufferKitDemo.app/BufferKitDemo</string>
			</dict>
			<key>isa</key>
			<string>XCBuildConfiguration</string>
			<key>name</key>
			<string>Release</string>
		</dict>
		<key>573D00861C71424200A5DCE1</key>
		<dict>
			<key>children</key>
			<array>
				<string>573D00D51C7143AC00A5DCE1</string>
				<string>573D00D31C71432E00A5DCE1</string>
				<string>5707DC011C7AB9CA00F5D799</string>
				<string>573D00911C71424200A5DCE1</string>
				<string>573D00A61C71424200A5DCE1</string>
				<string>573D00901C71424200A5DCE1</string>
				<string>811F349706A4081DFECC31D5</string>
				<string>B7C48C9BEFB994C175253813</string>
			</array>
			<key>isa</key>
			<string>PBXGroup</string>
			<key>sourceTree</key>
			<string>&lt;group&gt;</string>
		</dict>
		<key>573D00871C71424200A5DCE1</key>
		<dict>
			<key>attributes</key>
			<dict>
				<key>LastSwiftUpdateCheck</key>
				<string>0720</string>
				<key>LastUpgradeCheck</key>
				<string>0730</string>
				<key>ORGANIZATIONNAME</key>
				<string>Buffer</string>
				<key>TargetAttributes</key>
				<dict>
					<key>573D008E1C71424200A5DCE1</key>
					<dict>
						<key>CreatedOnToolsVersion</key>
						<string>7.2.1</string>
					</dict>
					<key>573D00A21C71424200A5DCE1</key>
					<dict>
						<key>CreatedOnToolsVersion</key>
						<string>7.2.1</string>
						<key>TestTargetID</key>
						<string>573D008E1C71424200A5DCE1</string>
					</dict>
				</dict>
			</dict>
			<key>buildConfigurationList</key>
			<string>573D008A1C71424200A5DCE1</string>
			<key>compatibilityVersion</key>
			<string>Xcode 3.2</string>
			<key>developmentRegion</key>
			<string>English</string>
			<key>hasScannedForEncodings</key>
			<string>0</string>
			<key>isa</key>
			<string>PBXProject</string>
			<key>knownRegions</key>
			<array>
				<string>en</string>
				<string>Base</string>
			</array>
			<key>mainGroup</key>
			<string>573D00861C71424200A5DCE1</string>
			<key>productRefGroup</key>
			<string>573D00901C71424200A5DCE1</string>
			<key>projectDirPath</key>
			<string></string>
			<key>projectReferences</key>
			<array/>
			<key>projectRoot</key>
			<string></string>
			<key>targets</key>
			<array>
				<string>573D008E1C71424200A5DCE1</string>
				<string>573D00A21C71424200A5DCE1</string>
			</array>
		</dict>
		<key>573D008A1C71424200A5DCE1</key>
		<dict>
			<key>buildConfigurations</key>
			<array>
				<string>5733081D1CA886F0001CAC92</string>
				<string>573308201CA887A7001CAC92</string>
			</array>
			<key>defaultConfigurationIsVisible</key>
			<string>0</string>
			<key>defaultConfigurationName</key>
			<string>Debug</string>
			<key>isa</key>
			<string>XCConfigurationList</string>
		</dict>
		<key>573D008B1C71424200A5DCE1</key>
		<dict>
			<key>buildActionMask</key>
			<string>2147483647</string>
			<key>files</key>
			<array>
				<string>573D00951C71424200A5DCE1</string>
				<string>57AC1C251C862DA80048950E</string>
				<string>57BD20AA1C820F7E00E8A608</string>
				<string>57BD20AF1C82294600E8A608</string>
				<string>573F8B8D1C948BFF00D8B915</string>
				<string>577EB7FF1CA715E800CCA0DA</string>
				<string>57BD20AD1C821F6800E8A608</string>
				<string>577EB80C1CA8370C00CCA0DA</string>
				<string>573D00931C71424200A5DCE1</string>
				<string>5707DC081C7ABCFF00F5D799</string>
				<string>5701A1371C8CAFCD000354A2</string>
				<string>57BD20A61C82089E00E8A608</string>
				<string>57BD20A31C81F2A200E8A608</string>
				<string>577EB80A1CA82F2000CCA0DA</string>
				<string>577EB8041CA811DF00CCA0DA</string>
				<string>5701A1401C8CE439000354A2</string>
				<string>57AC1C1F1C862C710048950E</string>
				<string>57BD20BB1C83AC1400E8A608</string>
				<string>5758995A1C8C7574008EB89C</string>
				<string>573D00DB1C71517300A5DCE1</string>
				<string>575899581C8C68C6008EB89C</string>
				<string>575899561C8C685A008EB89C</string>
				<string>578197981C8C816D00A56A5C</string>
				<string>57BD20C21C8625ED00E8A608</string>
				<string>5791036D1CA70CB10060CF60</string>
				<string>573F8B941C95949700D8B915</string>
				<string>573F8B961C95FCD800D8B915</string>
				<string>5701A13A1C8CE178000354A2</string>
				<string>573F8B911C95911800D8B915</string>
				<string>573F8B8F1C95904F00D8B915</string>
				<string>5707DC0E1C7AC08C00F5D799</string>
				<string>577EB8081CA828AD00CCA0DA</string>
				<string>573F8B991C96146300D8B915</string>
				<string>577EB8011CA7171500CCA0DA</string>
				<string>5701A13D1C8CE35D000354A2</string>
			</array>
			<key>isa</key>
			<string>PBXSourcesBuildPhase</string>
			<key>runOnlyForDeploymentPostprocessing</key>
			<string>0</string>
		</dict>
		<key>573D008C1C71424200A5DCE1</key>
		<dict>
			<key>buildActionMask</key>
			<string>2147483647</string>
			<key>files</key>
			<array>
				<string>40835F7F7301672EBF855879</string>
				<string>5959191D565C6CB5021099DE</string>
			</array>
			<key>isa</key>
			<string>PBXFrameworksBuildPhase</string>
			<key>runOnlyForDeploymentPostprocessing</key>
			<string>0</string>
		</dict>
		<key>573D008D1C71424200A5DCE1</key>
		<dict>
			<key>buildActionMask</key>
			<string>2147483647</string>
			<key>files</key>
			<array>
				<string>57AC1C281C862E790048950E</string>
				<string>573D00D61C7143AC00A5DCE1</string>
				<string>573D009D1C71424200A5DCE1</string>
				<string>573D009A1C71424200A5DCE1</string>
				<string>573D00D41C71432E00A5DCE1</string>
			</array>
			<key>isa</key>
			<string>PBXResourcesBuildPhase</string>
			<key>runOnlyForDeploymentPostprocessing</key>
			<string>0</string>
		</dict>
		<key>573D008E1C71424200A5DCE1</key>
		<dict>
			<key>buildConfigurationList</key>
			<string>573D00B71C71424200A5DCE1</string>
			<key>buildPhases</key>
			<array>
				<string>F7CBC4E8115E7043176F9B07</string>
				<string>573D008B1C71424200A5DCE1</string>
				<string>573D008C1C71424200A5DCE1</string>
				<string>573D008D1C71424200A5DCE1</string>
				<string>01BBEE692E6F896E8FE20919</string>
				<string>E748E372D8DEC39CA444E57F</string>
				<string>575899521C8B6CAA008EB89C</string>
			</array>
			<key>buildRules</key>
			<array/>
			<key>dependencies</key>
			<array/>
			<key>isa</key>
			<string>PBXNativeTarget</string>
			<key>name</key>
			<string>BufferKitDemo</string>
			<key>productName</key>
			<string>BufferKitDemo</string>
			<key>productReference</key>
			<string>573D008F1C71424200A5DCE1</string>
			<key>productType</key>
			<string>com.apple.product-type.application</string>
		</dict>
		<key>573D008F1C71424200A5DCE1</key>
		<dict>
			<key>explicitFileType</key>
			<string>wrapper.application</string>
			<key>includeInIndex</key>
			<string>0</string>
			<key>isa</key>
			<string>PBXFileReference</string>
			<key>path</key>
			<string>BufferKitDemo.app</string>
			<key>sourceTree</key>
			<string>BUILT_PRODUCTS_DIR</string>
		</dict>
		<key>573D00901C71424200A5DCE1</key>
		<dict>
			<key>children</key>
			<array>
				<string>573D008F1C71424200A5DCE1</string>
				<string>573D00A31C71424200A5DCE1</string>
			</array>
			<key>isa</key>
			<string>PBXGroup</string>
			<key>name</key>
			<string>Products</string>
			<key>sourceTree</key>
			<string>&lt;group&gt;</string>
		</dict>
		<key>573D00911C71424200A5DCE1</key>
		<dict>
			<key>children</key>
			<array>
				<string>573D00921C71424200A5DCE1</string>
				<string>577EB7FE1CA715E800CCA0DA</string>
				<string>577EB8021CA7171D00CCA0DA</string>
				<string>573F8B921C95913E00D8B915</string>
				<string>5791036E1CA70CCC0060CF60</string>
				<string>573F8B971C96145800D8B915</string>
				<string>5791036F1CA70CD50060CF60</string>
				<string>573D00991C71424200A5DCE1</string>
				<string>573D009B1C71424200A5DCE1</string>
				<string>573D009E1C71424200A5DCE1</string>
			</array>
			<key>isa</key>
			<string>PBXGroup</string>
			<key>path</key>
			<string>BufferKitDemo</string>
			<key>sourceTree</key>
			<string>&lt;group&gt;</string>
		</dict>
		<key>573D00921C71424200A5DCE1</key>
		<dict>
			<key>isa</key>
			<string>PBXFileReference</string>
			<key>lastKnownFileType</key>
			<string>sourcecode.swift</string>
			<key>path</key>
			<string>AppDelegate.swift</string>
			<key>sourceTree</key>
			<string>&lt;group&gt;</string>
		</dict>
		<key>573D00931C71424200A5DCE1</key>
		<dict>
			<key>fileRef</key>
			<string>573D00921C71424200A5DCE1</string>
			<key>isa</key>
			<string>PBXBuildFile</string>
		</dict>
		<key>573D00941C71424200A5DCE1</key>
		<dict>
			<key>isa</key>
			<string>PBXFileReference</string>
			<key>lastKnownFileType</key>
			<string>sourcecode.swift</string>
			<key>path</key>
			<string>QueueVC.swift</string>
			<key>sourceTree</key>
			<string>&lt;group&gt;</string>
		</dict>
		<key>573D00951C71424200A5DCE1</key>
		<dict>
			<key>fileRef</key>
			<string>573D00941C71424200A5DCE1</string>
			<key>isa</key>
			<string>PBXBuildFile</string>
		</dict>
		<key>573D00991C71424200A5DCE1</key>
		<dict>
			<key>isa</key>
			<string>PBXFileReference</string>
			<key>lastKnownFileType</key>
			<string>folder.assetcatalog</string>
			<key>path</key>
			<string>Assets.xcassets</string>
			<key>sourceTree</key>
			<string>&lt;group&gt;</string>
		</dict>
		<key>573D009A1C71424200A5DCE1</key>
		<dict>
			<key>fileRef</key>
			<string>573D00991C71424200A5DCE1</string>
			<key>isa</key>
			<string>PBXBuildFile</string>
		</dict>
		<key>573D009B1C71424200A5DCE1</key>
		<dict>
			<key>children</key>
			<array>
				<string>573D009C1C71424200A5DCE1</string>
			</array>
			<key>isa</key>
			<string>PBXVariantGroup</string>
			<key>name</key>
			<string>LaunchScreen.storyboard</string>
			<key>sourceTree</key>
			<string>&lt;group&gt;</string>
		</dict>
		<key>573D009C1C71424200A5DCE1</key>
		<dict>
			<key>isa</key>
			<string>PBXFileReference</string>
			<key>lastKnownFileType</key>
			<string>file.storyboard</string>
			<key>name</key>
			<string>Base</string>
			<key>path</key>
			<string>Base.lproj/LaunchScreen.storyboard</string>
			<key>sourceTree</key>
			<string>&lt;group&gt;</string>
		</dict>
		<key>573D009D1C71424200A5DCE1</key>
		<dict>
			<key>fileRef</key>
			<string>573D009B1C71424200A5DCE1</string>
			<key>isa</key>
			<string>PBXBuildFile</string>
		</dict>
		<key>573D009E1C71424200A5DCE1</key>
		<dict>
			<key>isa</key>
			<string>PBXFileReference</string>
			<key>lastKnownFileType</key>
			<string>text.plist.xml</string>
			<key>path</key>
			<string>Info.plist</string>
			<key>sourceTree</key>
			<string>&lt;group&gt;</string>
		</dict>
		<key>573D009F1C71424200A5DCE1</key>
		<dict>
			<key>buildActionMask</key>
			<string>2147483647</string>
			<key>files</key>
			<array>
				<string>57BD20C61C8627E200E8A608</string>
				<string>578197991C8CA3EE00A56A5C</string>
				<string>573D00DC1C7152FE00A5DCE1</string>
				<string>5707DC031C7ABBF600F5D799</string>
				<string>57BD20B01C82374A00E8A608</string>
				<string>57BD20B21C82375900E8A608</string>
				<string>5701A1381C8CAFDD000354A2</string>
				<string>573D00CD1C71430000A5DCE1</string>
				<string>578197951C8C7CE600A56A5C</string>
				<string>57BD20C41C86278800E8A608</string>
				<string>5707DC091C7ABCFF00F5D799</string>
				<string>5701A1411C8CE44E000354A2</string>
				<string>5701A13E1C8CE393000354A2</string>
				<string>5701A13B1C8CE1DA000354A2</string>
				<string>57BD20B51C823A0E00E8A608</string>
				<string>57BD20B31C82375900E8A608</string>
				<string>578197961C8C7CE800A56A5C</string>
				<string>57AC1C261C862DA80048950E</string>
				<string>57BD20BA1C83AAAB00E8A608</string>
				<string>57BD20B41C82375900E8A608</string>
				<string>57BD20CB1C862AC400E8A608</string>
				<string>57BD20C71C86284800E8A608</string>
				<string>57AC1C211C862C860048950E</string>
				<string>5781979A1C8CAA2D00A56A5C</string>
				<string>57BD20B11C82375900E8A608</string>
			</array>
			<key>isa</key>
			<string>PBXSourcesBuildPhase</string>
			<key>runOnlyForDeploymentPostprocessing</key>
			<string>0</string>
		</dict>
		<key>573D00A01C71424200A5DCE1</key>
		<dict>
			<key>buildActionMask</key>
			<string>2147483647</string>
			<key>files</key>
			<array>
				<string>766CD06391B47F1F67948F76</string>
			</array>
			<key>isa</key>
			<string>PBXFrameworksBuildPhase</string>
			<key>runOnlyForDeploymentPostprocessing</key>
			<string>0</string>
		</dict>
		<key>573D00A11C71424200A5DCE1</key>
		<dict>
			<key>buildActionMask</key>
			<string>2147483647</string>
			<key>files</key>
			<array>
				<string>5707DC051C7ABC4100F5D799</string>
				<string>57BD20B81C83A59500E8A608</string>
				<string>57AC1C231C862CAA0048950E</string>
				<string>57BD20C91C8628BD00E8A608</string>
				<string>57AC1C291C862E790048950E</string>
			</array>
			<key>isa</key>
			<string>PBXResourcesBuildPhase</string>
			<key>runOnlyForDeploymentPostprocessing</key>
			<string>0</string>
		</dict>
		<key>573D00A21C71424200A5DCE1</key>
		<dict>
			<key>buildConfigurationList</key>
			<string>573D00BA1C71424200A5DCE1</string>
			<key>buildPhases</key>
			<array>
				<string>8CDF29CDF236BCC4A4967408</string>
				<string>573D009F1C71424200A5DCE1</string>
				<string>573D00A01C71424200A5DCE1</string>
				<string>573D00A11C71424200A5DCE1</string>
				<string>3F032C77D804D1B5DC537C03</string>
				<string>2092A382986FE68AC56EF770</string>
			</array>
			<key>buildRules</key>
			<array/>
			<key>dependencies</key>
			<array>
				<string>573D00A51C71424200A5DCE1</string>
			</array>
			<key>isa</key>
			<string>PBXNativeTarget</string>
			<key>name</key>
			<string>BufferKitDemoTests</string>
			<key>productName</key>
			<string>BufferKitDemoTests</string>
			<key>productReference</key>
			<string>573D00A31C71424200A5DCE1</string>
			<key>productType</key>
			<string>com.apple.product-type.bundle.unit-test</string>
		</dict>
		<key>573D00A31C71424200A5DCE1</key>
		<dict>
			<key>explicitFileType</key>
			<string>wrapper.cfbundle</string>
			<key>includeInIndex</key>
			<string>0</string>
			<key>isa</key>
			<string>PBXFileReference</string>
			<key>path</key>
			<string>BufferKitDemoTests.xctest</string>
			<key>sourceTree</key>
			<string>BUILT_PRODUCTS_DIR</string>
		</dict>
		<key>573D00A41C71424200A5DCE1</key>
		<dict>
			<key>containerPortal</key>
			<string>573D00871C71424200A5DCE1</string>
			<key>isa</key>
			<string>PBXContainerItemProxy</string>
			<key>proxyType</key>
			<string>1</string>
			<key>remoteGlobalIDString</key>
			<string>573D008E1C71424200A5DCE1</string>
			<key>remoteInfo</key>
			<string>BufferKitDemo</string>
		</dict>
		<key>573D00A51C71424200A5DCE1</key>
		<dict>
			<key>isa</key>
			<string>PBXTargetDependency</string>
			<key>target</key>
			<string>573D008E1C71424200A5DCE1</string>
			<key>targetProxy</key>
			<string>573D00A41C71424200A5DCE1</string>
		</dict>
		<key>573D00A61C71424200A5DCE1</key>
		<dict>
			<key>children</key>
			<array>
				<string>573D00C81C71430000A5DCE1</string>
				<string>5707DC061C7ABC4600F5D799</string>
				<string>5707DC021C7ABBF600F5D799</string>
				<string>57BD20C31C86278800E8A608</string>
				<string>57BD20C51C8627E200E8A608</string>
				<string>57AC1C201C862C860048950E</string>
				<string>573D00A91C71424200A5DCE1</string>
			</array>
			<key>isa</key>
			<string>PBXGroup</string>
			<key>path</key>
			<string>BufferKitDemoTests</string>
			<key>sourceTree</key>
			<string>&lt;group&gt;</string>
		</dict>
		<key>573D00A91C71424200A5DCE1</key>
		<dict>
			<key>isa</key>
			<string>PBXFileReference</string>
			<key>lastKnownFileType</key>
			<string>text.plist.xml</string>
			<key>path</key>
			<string>Info.plist</string>
			<key>sourceTree</key>
			<string>&lt;group&gt;</string>
		</dict>
		<key>573D00B71C71424200A5DCE1</key>
		<dict>
			<key>buildConfigurations</key>
			<array>
				<string>5733081E1CA886F0001CAC92</string>
				<string>573308211CA887A7001CAC92</string>
			</array>
			<key>defaultConfigurationIsVisible</key>
			<string>0</string>
			<key>defaultConfigurationName</key>
			<string>Debug</string>
			<key>isa</key>
			<string>XCConfigurationList</string>
		</dict>
		<key>573D00BA1C71424200A5DCE1</key>
		<dict>
			<key>buildConfigurations</key>
			<array>
				<string>5733081F1CA886F0001CAC92</string>
				<string>573308221CA887A7001CAC92</string>
			</array>
			<key>defaultConfigurationIsVisible</key>
			<string>0</string>
			<key>defaultConfigurationName</key>
			<string>Debug</string>
			<key>isa</key>
			<string>XCConfigurationList</string>
		</dict>
		<key>573D00C81C71430000A5DCE1</key>
		<dict>
			<key>fileEncoding</key>
			<string>4</string>
			<key>isa</key>
			<string>PBXFileReference</string>
			<key>lastKnownFileType</key>
			<string>sourcecode.swift</string>
			<key>path</key>
			<string>FileUtils.swift</string>
			<key>sourceTree</key>
			<string>&lt;group&gt;</string>
		</dict>
		<key>573D00CD1C71430000A5DCE1</key>
		<dict>
			<key>fileRef</key>
			<string>573D00C81C71430000A5DCE1</string>
			<key>isa</key>
			<string>PBXBuildFile</string>
		</dict>
		<key>573D00D31C71432E00A5DCE1</key>
		<dict>
			<key>fileEncoding</key>
			<string>4</string>
			<key>isa</key>
			<string>PBXFileReference</string>
			<key>lastKnownFileType</key>
			<string>text</string>
			<key>name</key>
			<string>BufferKit.podspec</string>
			<key>path</key>
			<string>../BufferKit.podspec</string>
			<key>sourceTree</key>
			<string>&lt;group&gt;</string>
			<key>xcLanguageSpecificationIdentifier</key>
			<string>xcode.lang.ruby</string>
		</dict>
		<key>573D00D41C71432E00A5DCE1</key>
		<dict>
			<key>fileRef</key>
			<string>573D00D31C71432E00A5DCE1</string>
			<key>isa</key>
			<string>PBXBuildFile</string>
		</dict>
		<key>573D00D51C7143AC00A5DCE1</key>
		<dict>
			<key>fileEncoding</key>
			<string>4</string>
			<key>isa</key>
			<string>PBXFileReference</string>
			<key>lastKnownFileType</key>
			<string>text</string>
			<key>path</key>
			<string>Podfile</string>
			<key>sourceTree</key>
			<string>&lt;group&gt;</string>
			<key>xcLanguageSpecificationIdentifier</key>
			<string>xcode.lang.ruby</string>
		</dict>
		<key>573D00D61C7143AC00A5DCE1</key>
		<dict>
			<key>fileRef</key>
			<string>573D00D51C7143AC00A5DCE1</string>
			<key>isa</key>
			<string>PBXBuildFile</string>
		</dict>
		<key>573D00DA1C71517300A5DCE1</key>
		<dict>
			<key>fileEncoding</key>
			<string>4</string>
			<key>isa</key>
			<string>PBXFileReference</string>
			<key>lastKnownFileType</key>
			<string>sourcecode.swift</string>
			<key>name</key>
			<string>BufferAPI.swift</string>
			<key>path</key>
			<string>../../BufferKit/BufferAPI.swift</string>
			<key>sourceTree</key>
			<string>&lt;group&gt;</string>
		</dict>
		<key>573D00DB1C71517300A5DCE1</key>
		<dict>
			<key>fileRef</key>
			<string>573D00DA1C71517300A5DCE1</string>
			<key>isa</key>
			<string>PBXBuildFile</string>
		</dict>
		<key>573D00DC1C7152FE00A5DCE1</key>
		<dict>
			<key>fileRef</key>
			<string>573D00DA1C71517300A5DCE1</string>
			<key>isa</key>
			<string>PBXBuildFile</string>
		</dict>
		<key>573F8B8C1C948BFF00D8B915</key>
		<dict>
			<key>fileEncoding</key>
			<string>4</string>
			<key>isa</key>
			<string>PBXFileReference</string>
			<key>lastKnownFileType</key>
			<string>sourcecode.swift</string>
			<key>path</key>
			<string>RightMenuVC.swift</string>
			<key>sourceTree</key>
			<string>&lt;group&gt;</string>
		</dict>
		<key>573F8B8D1C948BFF00D8B915</key>
		<dict>
			<key>fileRef</key>
			<string>573F8B8C1C948BFF00D8B915</string>
			<key>isa</key>
			<string>PBXBuildFile</string>
		</dict>
		<key>573F8B8E1C95904F00D8B915</key>
		<dict>
			<key>fileEncoding</key>
			<string>4</string>
			<key>isa</key>
			<string>PBXFileReference</string>
			<key>lastKnownFileType</key>
			<string>sourcecode.swift</string>
			<key>path</key>
			<string>AuthManager.swift</string>
			<key>sourceTree</key>
			<string>&lt;group&gt;</string>
		</dict>
		<key>573F8B8F1C95904F00D8B915</key>
		<dict>
			<key>fileRef</key>
			<string>573F8B8E1C95904F00D8B915</string>
			<key>isa</key>
			<string>PBXBuildFile</string>
		</dict>
		<key>573F8B901C95911800D8B915</key>
		<dict>
			<key>fileEncoding</key>
			<string>4</string>
			<key>isa</key>
			<string>PBXFileReference</string>
			<key>lastKnownFileType</key>
			<string>sourcecode.swift</string>
			<key>path</key>
			<string>LoginVC.swift</string>
			<key>sourceTree</key>
			<string>&lt;group&gt;</string>
		</dict>
		<key>573F8B911C95911800D8B915</key>
		<dict>
			<key>fileRef</key>
			<string>573F8B901C95911800D8B915</string>
			<key>isa</key>
			<string>PBXBuildFile</string>
		</dict>
		<key>573F8B921C95913E00D8B915</key>
		<dict>
			<key>children</key>
			<array>
				<string>573F8B901C95911800D8B915</string>
				<string>573F8B931C95949700D8B915</string>
				<string>573F8B8E1C95904F00D8B915</string>
				<string>577EB8071CA828AD00CCA0DA</string>
			</array>
			<key>isa</key>
			<string>PBXGroup</string>
			<key>name</key>
			<string>Auth</string>
			<key>sourceTree</key>
			<string>&lt;group&gt;</string>
		</dict>
		<key>573F8B931C95949700D8B915</key>
		<dict>
			<key>fileEncoding</key>
			<string>4</string>
			<key>isa</key>
			<string>PBXFileReference</string>
			<key>lastKnownFileType</key>
			<string>sourcecode.swift</string>
			<key>path</key>
			<string>LoginView.swift</string>
			<key>sourceTree</key>
			<string>&lt;group&gt;</string>
		</dict>
		<key>573F8B941C95949700D8B915</key>
		<dict>
			<key>fileRef</key>
			<string>573F8B931C95949700D8B915</string>
			<key>isa</key>
			<string>PBXBuildFile</string>
		</dict>
		<key>573F8B951C95FCD800D8B915</key>
		<dict>
			<key>fileEncoding</key>
			<string>4</string>
			<key>isa</key>
			<string>PBXFileReference</string>
			<key>lastKnownFileType</key>
			<string>sourcecode.swift</string>
			<key>path</key>
			<string>UIUtilsExtensions.swift</string>
			<key>sourceTree</key>
			<string>&lt;group&gt;</string>
		</dict>
		<key>573F8B961C95FCD800D8B915</key>
		<dict>
			<key>fileRef</key>
			<string>573F8B951C95FCD800D8B915</string>
			<key>isa</key>
			<string>PBXBuildFile</string>
		</dict>
		<key>573F8B971C96145800D8B915</key>
		<dict>
			<key>children</key>
			<array>
				<string>573D00941C71424200A5DCE1</string>
				<string>573F8B981C96146300D8B915</string>
				<string>577EB80B1CA8370C00CCA0DA</string>
			</array>
			<key>isa</key>
			<string>PBXGroup</string>
			<key>name</key>
			<string>Queue</string>
			<key>sourceTree</key>
			<string>&lt;group&gt;</string>
		</dict>
		<key>573F8B981C96146300D8B915</key>
		<dict>
			<key>fileEncoding</key>
			<string>4</string>
			<key>isa</key>
			<string>PBXFileReference</string>
			<key>lastKnownFileType</key>
			<string>sourcecode.swift</string>
			<key>path</key>
			<string>QueueView.swift</string>
			<key>sourceTree</key>
			<string>&lt;group&gt;</string>
		</dict>
		<key>573F8B991C96146300D8B915</key>
		<dict>
			<key>fileRef</key>
			<string>573F8B981C96146300D8B915</string>
			<key>isa</key>
			<string>PBXBuildFile</string>
		</dict>
		<key>575899521C8B6CAA008EB89C</key>
		<dict>
			<key>buildActionMask</key>
			<string>2147483647</string>
			<key>files</key>
			<array/>
			<key>inputPaths</key>
			<array/>
			<key>isa</key>
			<string>PBXShellScriptBuildPhase</string>
			<key>outputPaths</key>
			<array/>
			<key>runOnlyForDeploymentPostprocessing</key>
			<string>0</string>
			<key>shellPath</key>
			<string>/bin/sh</string>
			<key>shellScript</key>
			<string>if which swiftlint &gt;/dev/null; then
  swiftlint
else
  echo "warning: SwiftLint not installed, download from https://github.com/realm/SwiftLint"
fi</string>
		</dict>
		<key>575899551C8C685A008EB89C</key>
		<dict>
			<key>fileEncoding</key>
			<string>4</string>
			<key>isa</key>
			<string>PBXFileReference</string>
			<key>lastKnownFileType</key>
			<string>sourcecode.swift</string>
			<key>name</key>
			<string>InteractionPage.swift</string>
			<key>path</key>
			<string>../BufferKit/InteractionPage.swift</string>
			<key>sourceTree</key>
			<string>&lt;group&gt;</string>
		</dict>
		<key>575899561C8C685A008EB89C</key>
		<dict>
			<key>fileRef</key>
			<string>575899551C8C685A008EB89C</string>
			<key>isa</key>
			<string>PBXBuildFile</string>
		</dict>
		<key>575899571C8C68C6008EB89C</key>
		<dict>
			<key>fileEncoding</key>
			<string>4</string>
			<key>isa</key>
			<string>PBXFileReference</string>
			<key>lastKnownFileType</key>
			<string>sourcecode.swift</string>
			<key>name</key>
			<string>Interaction.swift</string>
			<key>path</key>
			<string>../BufferKit/Interaction.swift</string>
			<key>sourceTree</key>
			<string>&lt;group&gt;</string>
		</dict>
		<key>575899581C8C68C6008EB89C</key>
		<dict>
			<key>fileRef</key>
			<string>575899571C8C68C6008EB89C</string>
			<key>isa</key>
			<string>PBXBuildFile</string>
		</dict>
		<key>575899591C8C7574008EB89C</key>
		<dict>
			<key>fileEncoding</key>
			<string>4</string>
			<key>isa</key>
			<string>PBXFileReference</string>
			<key>lastKnownFileType</key>
			<string>sourcecode.swift</string>
			<key>name</key>
			<string>SocialNetUser.swift</string>
			<key>path</key>
			<string>../BufferKit/SocialNetUser.swift</string>
			<key>sourceTree</key>
			<string>&lt;group&gt;</string>
		</dict>
		<key>5758995A1C8C7574008EB89C</key>
		<dict>
			<key>fileRef</key>
			<string>575899591C8C7574008EB89C</string>
			<key>isa</key>
			<string>PBXBuildFile</string>
		</dict>
		<key>577EB7FE1CA715E800CCA0DA</key>
		<dict>
			<key>fileEncoding</key>
			<string>4</string>
			<key>isa</key>
			<string>PBXFileReference</string>
			<key>lastKnownFileType</key>
			<string>sourcecode.swift</string>
			<key>path</key>
			<string>Constants.swift</string>
			<key>sourceTree</key>
			<string>&lt;group&gt;</string>
		</dict>
		<key>577EB7FF1CA715E800CCA0DA</key>
		<dict>
			<key>fileRef</key>
			<string>577EB7FE1CA715E800CCA0DA</string>
			<key>isa</key>
			<string>PBXBuildFile</string>
		</dict>
		<key>577EB8001CA7171500CCA0DA</key>
		<dict>
			<key>fileEncoding</key>
			<string>4</string>
			<key>isa</key>
			<string>PBXFileReference</string>
			<key>lastKnownFileType</key>
			<string>sourcecode.swift</string>
			<key>path</key>
			<string>BufferKitManager.swift</string>
			<key>sourceTree</key>
			<string>&lt;group&gt;</string>
		</dict>
		<key>577EB8011CA7171500CCA0DA</key>
		<dict>
			<key>fileRef</key>
			<string>577EB8001CA7171500CCA0DA</string>
			<key>isa</key>
			<string>PBXBuildFile</string>
		</dict>
		<key>577EB8021CA7171D00CCA0DA</key>
		<dict>
			<key>children</key>
			<array>
				<string>577EB8001CA7171500CCA0DA</string>
			</array>
			<key>isa</key>
			<string>PBXGroup</string>
			<key>name</key>
			<string>Model</string>
			<key>sourceTree</key>
			<string>&lt;group&gt;</string>
		</dict>
		<key>577EB8031CA811DF00CCA0DA</key>
		<dict>
			<key>fileEncoding</key>
			<string>4</string>
			<key>isa</key>
			<string>PBXFileReference</string>
			<key>lastKnownFileType</key>
			<string>sourcecode.swift</string>
			<key>path</key>
			<string>MenuHeaderCV.swift</string>
			<key>sourceTree</key>
			<string>&lt;group&gt;</string>
		</dict>
		<key>577EB8041CA811DF00CCA0DA</key>
		<dict>
			<key>fileRef</key>
			<string>577EB8031CA811DF00CCA0DA</string>
			<key>isa</key>
			<string>PBXBuildFile</string>
		</dict>
		<key>577EB8071CA828AD00CCA0DA</key>
		<dict>
			<key>fileEncoding</key>
			<string>4</string>
			<key>isa</key>
			<string>PBXFileReference</string>
			<key>lastKnownFileType</key>
			<string>sourcecode.swift</string>
			<key>path</key>
			<string>LoginManager.swift</string>
			<key>sourceTree</key>
			<string>&lt;group&gt;</string>
		</dict>
		<key>577EB8081CA828AD00CCA0DA</key>
		<dict>
			<key>fileRef</key>
			<string>577EB8071CA828AD00CCA0DA</string>
			<key>isa</key>
			<string>PBXBuildFile</string>
		</dict>
		<key>577EB8091CA82F2000CCA0DA</key>
		<dict>
			<key>fileEncoding</key>
			<string>4</string>
			<key>isa</key>
			<string>PBXFileReference</string>
			<key>lastKnownFileType</key>
			<string>sourcecode.swift</string>
			<key>path</key>
			<string>MainHUD.swift</string>
			<key>sourceTree</key>
			<string>&lt;group&gt;</string>
		</dict>
		<key>577EB80A1CA82F2000CCA0DA</key>
		<dict>
			<key>fileRef</key>
			<string>577EB8091CA82F2000CCA0DA</string>
			<key>isa</key>
			<string>PBXBuildFile</string>
		</dict>
		<key>577EB80B1CA8370C00CCA0DA</key>
		<dict>
			<key>fileEncoding</key>
			<string>4</string>
			<key>isa</key>
			<string>PBXFileReference</string>
			<key>lastKnownFileType</key>
			<string>sourcecode.swift</string>
			<key>path</key>
			<string>QueueItemView.swift</string>
			<key>sourceTree</key>
			<string>&lt;group&gt;</string>
		</dict>
		<key>577EB80C1CA8370C00CCA0DA</key>
		<dict>
			<key>fileRef</key>
			<string>577EB80B1CA8370C00CCA0DA</string>
			<key>isa</key>
			<string>PBXBuildFile</string>
		</dict>
		<key>578197951C8C7CE600A56A5C</key>
		<dict>
			<key>fileRef</key>
			<string>575899571C8C68C6008EB89C</string>
			<key>isa</key>
			<string>PBXBuildFile</string>
		</dict>
		<key>578197961C8C7CE800A56A5C</key>
		<dict>
			<key>fileRef</key>
			<string>575899551C8C685A008EB89C</string>
			<key>isa</key>
			<string>PBXBuildFile</string>
		</dict>
		<key>578197971C8C816D00A56A5C</key>
		<dict>
			<key>fileEncoding</key>
			<string>4</string>
			<key>isa</key>
			<string>PBXFileReference</string>
			<key>lastKnownFileType</key>
			<string>sourcecode.swift</string>
			<key>name</key>
			<string>ErrorResult.swift</string>
			<key>path</key>
			<string>../BufferKit/ErrorResult.swift</string>
			<key>sourceTree</key>
			<string>&lt;group&gt;</string>
		</dict>
		<key>578197981C8C816D00A56A5C</key>
		<dict>
			<key>fileRef</key>
			<string>578197971C8C816D00A56A5C</string>
			<key>isa</key>
			<string>PBXBuildFile</string>
		</dict>
		<key>578197991C8CA3EE00A56A5C</key>
		<dict>
			<key>fileRef</key>
			<string>578197971C8C816D00A56A5C</string>
			<key>isa</key>
			<string>PBXBuildFile</string>
		</dict>
		<key>5781979A1C8CAA2D00A56A5C</key>
		<dict>
			<key>fileRef</key>
			<string>575899591C8C7574008EB89C</string>
			<key>isa</key>
			<string>PBXBuildFile</string>
		</dict>
		<key>5791036C1CA70CB10060CF60</key>
		<dict>
			<key>fileEncoding</key>
			<string>4</string>
			<key>isa</key>
			<string>PBXFileReference</string>
			<key>lastKnownFileType</key>
			<string>sourcecode.swift</string>
			<key>path</key>
			<string>LeftMenuVC.swift</string>
			<key>sourceTree</key>
			<string>&lt;group&gt;</string>
		</dict>
		<key>5791036D1CA70CB10060CF60</key>
		<dict>
			<key>fileRef</key>
			<string>5791036C1CA70CB10060CF60</string>
			<key>isa</key>
			<string>PBXBuildFile</string>
		</dict>
		<key>5791036E1CA70CCC0060CF60</key>
		<dict>
			<key>children</key>
			<array>
				<string>573F8B8C1C948BFF00D8B915</string>
				<string>5791036C1CA70CB10060CF60</string>
				<string>577EB8031CA811DF00CCA0DA</string>
			</array>
			<key>isa</key>
			<string>PBXGroup</string>
			<key>name</key>
			<string>Menu</string>
			<key>sourceTree</key>
			<string>&lt;group&gt;</string>
		</dict>
		<key>5791036F1CA70CD50060CF60</key>
		<dict>
			<key>children</key>
			<array>
				<string>573F8B951C95FCD800D8B915</string>
				<string>577EB8091CA82F2000CCA0DA</string>
			</array>
			<key>isa</key>
			<string>PBXGroup</string>
			<key>name</key>
			<string>Utils</string>
			<key>sourceTree</key>
			<string>&lt;group&gt;</string>
		</dict>
		<key>57AC1C1F1C862C710048950E</key>
		<dict>
			<key>fileRef</key>
			<string>57BD20CA1C862AC400E8A608</string>
			<key>isa</key>
			<string>PBXBuildFile</string>
		</dict>
		<key>57AC1C201C862C860048950E</key>
		<dict>
			<key>fileEncoding</key>
			<string>4</string>
			<key>isa</key>
			<string>PBXFileReference</string>
			<key>lastKnownFileType</key>
			<string>sourcecode.swift</string>
			<key>path</key>
			<string>UpdateTestCase.swift</string>
			<key>sourceTree</key>
			<string>&lt;group&gt;</string>
		</dict>
		<key>57AC1C211C862C860048950E</key>
		<dict>
			<key>fileRef</key>
			<string>57AC1C201C862C860048950E</string>
			<key>isa</key>
			<string>PBXBuildFile</string>
		</dict>
		<key>57AC1C221C862CAA0048950E</key>
		<dict>
			<key>fileEncoding</key>
			<string>4</string>
			<key>isa</key>
			<string>PBXFileReference</string>
			<key>lastKnownFileType</key>
			<string>text.json</string>
			<key>path</key>
			<string>profile_updates_success.json</string>
			<key>sourceTree</key>
			<string>&lt;group&gt;</string>
		</dict>
		<key>57AC1C231C862CAA0048950E</key>
		<dict>
			<key>fileRef</key>
			<string>57AC1C221C862CAA0048950E</string>
			<key>isa</key>
			<string>PBXBuildFile</string>
		</dict>
		<key>57AC1C241C862DA80048950E</key>
		<dict>
			<key>fileEncoding</key>
			<string>4</string>
			<key>isa</key>
			<string>PBXFileReference</string>
			<key>lastKnownFileType</key>
			<string>sourcecode.swift</string>
			<key>name</key>
			<string>UpdatePage.swift</string>
			<key>path</key>
			<string>../BufferKit/UpdatePage.swift</string>
			<key>sourceTree</key>
			<string>&lt;group&gt;</string>
		</dict>
		<key>57AC1C251C862DA80048950E</key>
		<dict>
			<key>fileRef</key>
			<string>57AC1C241C862DA80048950E</string>
			<key>isa</key>
			<string>PBXBuildFile</string>
		</dict>
		<key>57AC1C261C862DA80048950E</key>
		<dict>
			<key>fileRef</key>
			<string>57AC1C241C862DA80048950E</string>
			<key>isa</key>
			<string>PBXBuildFile</string>
		</dict>
		<key>57AC1C271C862E790048950E</key>
		<dict>
			<key>fileEncoding</key>
			<string>4</string>
			<key>isa</key>
			<string>PBXFileReference</string>
			<key>lastKnownFileType</key>
			<string>text.json</string>
			<key>path</key>
			<string>single_update.json</string>
			<key>sourceTree</key>
			<string>&lt;group&gt;</string>
		</dict>
		<key>57AC1C281C862E790048950E</key>
		<dict>
			<key>fileRef</key>
			<string>57AC1C271C862E790048950E</string>
			<key>isa</key>
			<string>PBXBuildFile</string>
		</dict>
		<key>57AC1C291C862E790048950E</key>
		<dict>
			<key>fileRef</key>
			<string>57AC1C271C862E790048950E</string>
			<key>isa</key>
			<string>PBXBuildFile</string>
		</dict>
		<key>57BD20A21C81F2A200E8A608</key>
		<dict>
			<key>fileEncoding</key>
			<string>4</string>
			<key>isa</key>
			<string>PBXFileReference</string>
			<key>lastKnownFileType</key>
			<string>sourcecode.swift</string>
			<key>name</key>
			<string>Utils.swift</string>
			<key>path</key>
			<string>../../BufferKit/Utils.swift</string>
			<key>sourceTree</key>
			<string>&lt;group&gt;</string>
		</dict>
		<key>57BD20A31C81F2A200E8A608</key>
		<dict>
			<key>fileRef</key>
			<string>57BD20A21C81F2A200E8A608</string>
			<key>isa</key>
			<string>PBXBuildFile</string>
		</dict>
		<key>57BD20A41C82087000E8A608</key>
		<dict>
			<key>children</key>
			<array>
				<string>5707DC0D1C7AC08C00F5D799</string>
				<string>575899591C8C7574008EB89C</string>
				<string>57BD20A51C82089E00E8A608</string>
				<string>57BD20A91C820F7E00E8A608</string>
				<string>57BD20C11C8625ED00E8A608</string>
				<string>57BD20AC1C821F6800E8A608</string>
				<string>57BD20B91C83AAAB00E8A608</string>
				<string>57BD20CA1C862AC400E8A608</string>
				<string>57AC1C241C862DA80048950E</string>
				<string>5701A1361C8CAFCD000354A2</string>
				<string>5701A1391C8CE178000354A2</string>
				<string>575899551C8C685A008EB89C</string>
				<string>575899571C8C68C6008EB89C</string>
				<string>578197971C8C816D00A56A5C</string>
				<string>5701A13C1C8CE35D000354A2</string>
				<string>5701A13F1C8CE439000354A2</string>
			</array>
			<key>isa</key>
			<string>PBXGroup</string>
			<key>name</key>
			<string>Model</string>
			<key>path</key>
			<string>..</string>
			<key>sourceTree</key>
			<string>&lt;group&gt;</string>
		</dict>
		<key>57BD20A51C82089E00E8A608</key>
		<dict>
			<key>fileEncoding</key>
			<string>4</string>
			<key>isa</key>
			<string>PBXFileReference</string>
			<key>lastKnownFileType</key>
			<string>sourcecode.swift</string>
			<key>name</key>
			<string>ProfileGroup.swift</string>
			<key>path</key>
			<string>../BufferKit/ProfileGroup.swift</string>
			<key>sourceTree</key>
			<string>&lt;group&gt;</string>
		</dict>
		<key>57BD20A61C82089E00E8A608</key>
		<dict>
			<key>fileRef</key>
			<string>57BD20A51C82089E00E8A608</string>
			<key>isa</key>
			<string>PBXBuildFile</string>
		</dict>
		<key>57BD20A91C820F7E00E8A608</key>
		<dict>
			<key>fileEncoding</key>
			<string>4</string>
			<key>isa</key>
			<string>PBXFileReference</string>
			<key>lastKnownFileType</key>
			<string>sourcecode.swift</string>
			<key>name</key>
			<string>Profile.swift</string>
			<key>path</key>
			<string>../BufferKit/Profile.swift</string>
			<key>sourceTree</key>
			<string>&lt;group&gt;</string>
		</dict>
		<key>57BD20AA1C820F7E00E8A608</key>
		<dict>
			<key>fileRef</key>
			<string>57BD20A91C820F7E00E8A608</string>
			<key>isa</key>
			<string>PBXBuildFile</string>
		</dict>
		<key>57BD20AB1C820FC200E8A608</key>
		<dict>
			<key>children</key>
			<array>
				<string>573D00DA1C71517300A5DCE1</string>
				<string>57BD20AE1C82294600E8A608</string>
				<string>5707DC071C7ABCFF00F5D799</string>
			</array>
			<key>isa</key>
			<string>PBXGroup</string>
			<key>name</key>
			<string>Client</string>
			<key>sourceTree</key>
			<string>&lt;group&gt;</string>
		</dict>
		<key>57BD20AC1C821F6800E8A608</key>
		<dict>
			<key>fileEncoding</key>
			<string>4</string>
			<key>isa</key>
			<string>PBXFileReference</string>
			<key>lastKnownFileType</key>
			<string>sourcecode.swift</string>
			<key>name</key>
			<string>TeamMember.swift</string>
			<key>path</key>
			<string>../BufferKit/TeamMember.swift</string>
			<key>sourceTree</key>
			<string>&lt;group&gt;</string>
		</dict>
		<key>57BD20AD1C821F6800E8A608</key>
		<dict>
			<key>fileRef</key>
			<string>57BD20AC1C821F6800E8A608</string>
			<key>isa</key>
			<string>PBXBuildFile</string>
		</dict>
		<key>57BD20AE1C82294600E8A608</key>
		<dict>
			<key>fileEncoding</key>
			<string>4</string>
			<key>isa</key>
			<string>PBXFileReference</string>
			<key>lastKnownFileType</key>
			<string>sourcecode.swift</string>
			<key>name</key>
			<string>BufferClient.swift</string>
			<key>path</key>
			<string>../../BufferKit/BufferClient.swift</string>
			<key>sourceTree</key>
			<string>&lt;group&gt;</string>
		</dict>
		<key>57BD20AF1C82294600E8A608</key>
		<dict>
			<key>fileRef</key>
			<string>57BD20AE1C82294600E8A608</string>
			<key>isa</key>
			<string>PBXBuildFile</string>
		</dict>
		<key>57BD20B01C82374A00E8A608</key>
		<dict>
			<key>fileRef</key>
			<string>57BD20AE1C82294600E8A608</string>
			<key>isa</key>
			<string>PBXBuildFile</string>
		</dict>
		<key>57BD20B11C82375900E8A608</key>
		<dict>
			<key>fileRef</key>
			<string>5707DC0D1C7AC08C00F5D799</string>
			<key>isa</key>
			<string>PBXBuildFile</string>
		</dict>
		<key>57BD20B21C82375900E8A608</key>
		<dict>
			<key>fileRef</key>
			<string>57BD20A51C82089E00E8A608</string>
			<key>isa</key>
			<string>PBXBuildFile</string>
		</dict>
		<key>57BD20B31C82375900E8A608</key>
		<dict>
			<key>fileRef</key>
			<string>57BD20A91C820F7E00E8A608</string>
			<key>isa</key>
			<string>PBXBuildFile</string>
		</dict>
		<key>57BD20B41C82375900E8A608</key>
		<dict>
			<key>fileRef</key>
			<string>57BD20AC1C821F6800E8A608</string>
			<key>isa</key>
			<string>PBXBuildFile</string>
		</dict>
		<key>57BD20B51C823A0E00E8A608</key>
		<dict>
			<key>fileRef</key>
			<string>57BD20A21C81F2A200E8A608</string>
			<key>isa</key>
			<string>PBXBuildFile</string>
		</dict>
		<key>57BD20B71C83A59500E8A608</key>
		<dict>
			<key>fileEncoding</key>
			<string>4</string>
			<key>isa</key>
			<string>PBXFileReference</string>
			<key>lastKnownFileType</key>
			<string>text.json</string>
			<key>path</key>
			<string>user_deauthorize_success.json</string>
			<key>sourceTree</key>
			<string>&lt;group&gt;</string>
		</dict>
		<key>57BD20B81C83A59500E8A608</key>
		<dict>
			<key>fileRef</key>
			<string>57BD20B71C83A59500E8A608</string>
			<key>isa</key>
			<string>PBXBuildFile</string>
		</dict>
		<key>57BD20B91C83AAAB00E8A608</key>
		<dict>
			<key>fileEncoding</key>
			<string>4</string>
			<key>isa</key>
			<string>PBXFileReference</string>
			<key>lastKnownFileType</key>
			<string>sourcecode.swift</string>
			<key>name</key>
			<string>OperationResult.swift</string>
			<key>path</key>
			<string>../BufferKit/OperationResult.swift</string>
			<key>sourceTree</key>
			<string>&lt;group&gt;</string>
		</dict>
		<key>57BD20BA1C83AAAB00E8A608</key>
		<dict>
			<key>fileRef</key>
			<string>57BD20B91C83AAAB00E8A608</string>
			<key>isa</key>
			<string>PBXBuildFile</string>
		</dict>
		<key>57BD20BB1C83AC1400E8A608</key>
		<dict>
			<key>fileRef</key>
			<string>57BD20B91C83AAAB00E8A608</string>
			<key>isa</key>
			<string>PBXBuildFile</string>
		</dict>
		<key>57BD20C11C8625ED00E8A608</key>
		<dict>
			<key>fileEncoding</key>
			<string>4</string>
			<key>isa</key>
			<string>PBXFileReference</string>
			<key>lastKnownFileType</key>
			<string>sourcecode.swift</string>
			<key>name</key>
			<string>ProfileSchedule.swift</string>
			<key>path</key>
			<string>../BufferKit/ProfileSchedule.swift</string>
			<key>sourceTree</key>
			<string>&lt;group&gt;</string>
		</dict>
		<key>57BD20C21C8625ED00E8A608</key>
		<dict>
			<key>fileRef</key>
			<string>57BD20C11C8625ED00E8A608</string>
			<key>isa</key>
			<string>PBXBuildFile</string>
		</dict>
		<key>57BD20C31C86278800E8A608</key>
		<dict>
			<key>fileEncoding</key>
			<string>4</string>
			<key>isa</key>
			<string>PBXFileReference</string>
			<key>lastKnownFileType</key>
			<string>sourcecode.swift</string>
			<key>path</key>
			<string>ProfileTestCase.swift</string>
			<key>sourceTree</key>
			<string>&lt;group&gt;</string>
		</dict>
		<key>57BD20C41C86278800E8A608</key>
		<dict>
			<key>fileRef</key>
			<string>57BD20C31C86278800E8A608</string>
			<key>isa</key>
			<string>PBXBuildFile</string>
		</dict>
		<key>57BD20C51C8627E200E8A608</key>
		<dict>
			<key>fileEncoding</key>
			<string>4</string>
			<key>isa</key>
			<string>PBXFileReference</string>
			<key>lastKnownFileType</key>
			<string>sourcecode.swift</string>
			<key>path</key>
			<string>TestCase+Utils.swift</string>
			<key>sourceTree</key>
			<string>&lt;group&gt;</string>
		</dict>
		<key>57BD20C61C8627E200E8A608</key>
		<dict>
			<key>fileRef</key>
			<string>57BD20C51C8627E200E8A608</string>
			<key>isa</key>
			<string>PBXBuildFile</string>
		</dict>
		<key>57BD20C71C86284800E8A608</key>
		<dict>
			<key>fileRef</key>
			<string>57BD20C11C8625ED00E8A608</string>
			<key>isa</key>
			<string>PBXBuildFile</string>
		</dict>
		<key>57BD20C81C8628BD00E8A608</key>
		<dict>
			<key>fileEncoding</key>
			<string>4</string>
			<key>isa</key>
			<string>PBXFileReference</string>
			<key>lastKnownFileType</key>
			<string>text.json</string>
			<key>path</key>
			<string>profile_schedules_success.json</string>
			<key>sourceTree</key>
			<string>&lt;group&gt;</string>
		</dict>
		<key>57BD20C91C8628BD00E8A608</key>
		<dict>
			<key>fileRef</key>
			<string>57BD20C81C8628BD00E8A608</string>
			<key>isa</key>
			<string>PBXBuildFile</string>
		</dict>
		<key>57BD20CA1C862AC400E8A608</key>
		<dict>
			<key>fileEncoding</key>
			<string>4</string>
			<key>isa</key>
			<string>PBXFileReference</string>
			<key>lastKnownFileType</key>
			<string>sourcecode.swift</string>
			<key>name</key>
			<string>Update.swift</string>
			<key>path</key>
			<string>../BufferKit/Update.swift</string>
			<key>sourceTree</key>
			<string>&lt;group&gt;</string>
		</dict>
		<key>57BD20CB1C862AC400E8A608</key>
		<dict>
			<key>fileRef</key>
			<string>57BD20CA1C862AC400E8A608</string>
			<key>isa</key>
			<string>PBXBuildFile</string>
		</dict>
		<key>5959191D565C6CB5021099DE</key>
		<dict>
			<key>fileRef</key>
			<string>ABDBF1B91ED3C62E0F2A6094</string>
			<key>isa</key>
			<string>PBXBuildFile</string>
		</dict>
		<key>766CD06391B47F1F67948F76</key>
		<dict>
			<key>fileRef</key>
			<string>26B7FEF4CD8F145022E9419A</string>
			<key>isa</key>
			<string>PBXBuildFile</string>
		</dict>
		<key>768C06FE09F3008D1AE2B746</key>
		<dict>
			<key>explicitFileType</key>
			<string>wrapper.framework</string>
			<key>includeInIndex</key>
			<string>0</string>
			<key>isa</key>
			<string>PBXFileReference</string>
			<key>path</key>
			<string>Pods_BufferKitDemo.framework</string>
			<key>sourceTree</key>
			<string>BUILT_PRODUCTS_DIR</string>
		</dict>
		<key>811F349706A4081DFECC31D5</key>
		<dict>
			<key>children</key>
			<array>
				<string>92D87B75DDBC85320A0348FF</string>
				<string>3DC2B22175D03F5C98C04CB4</string>
				<string>ADC3D89BBBB8EF29F76C7AF0</string>
				<string>D0FE236759B7CA9FF715F3F6</string>
				<string>8653B3FC6F2760BF5261A521</string>
				<string>BDF884C2C141F3ADD5E5097B</string>
			</array>
			<key>isa</key>
			<string>PBXGroup</string>
			<key>name</key>
			<string>Pods</string>
			<key>sourceTree</key>
			<string>&lt;group&gt;</string>
		</dict>
		<key>8653B3FC6F2760BF5261A521</key>
		<dict>
			<key>includeInIndex</key>
			<string>1</string>
			<key>isa</key>
			<string>PBXFileReference</string>
			<key>lastKnownFileType</key>
			<string>text.xcconfig</string>
			<key>name</key>
			<string>Pods.release.xcconfig</string>
			<key>path</key>
			<string>Pods/Target Support Files/Pods/Pods.release.xcconfig</string>
			<key>sourceTree</key>
			<string>&lt;group&gt;</string>
		</dict>
		<key>8CDF29CDF236BCC4A4967408</key>
		<dict>
			<key>buildActionMask</key>
			<string>2147483647</string>
			<key>files</key>
			<array/>
			<key>inputPaths</key>
			<array/>
			<key>isa</key>
			<string>PBXShellScriptBuildPhase</string>
			<key>name</key>
			<string>Check Pods Manifest.lock</string>
			<key>outputPaths</key>
			<array/>
			<key>runOnlyForDeploymentPostprocessing</key>
			<string>0</string>
			<key>shellPath</key>
			<string>/bin/sh</string>
			<key>shellScript</key>
			<string>diff "${PODS_ROOT}/../Podfile.lock" "${PODS_ROOT}/Manifest.lock" &gt; /dev/null
if [[ $? != 0 ]] ; then
    cat &lt;&lt; EOM
error: The sandbox is not in sync with the Podfile.lock. Run 'pod install' or update your CocoaPods installation.
EOM
    exit 1
fi
</string>
			<key>showEnvVarsInLog</key>
			<string>0</string>
		</dict>
		<key>92D87B75DDBC85320A0348FF</key>
		<dict>
			<key>includeInIndex</key>
			<string>1</string>
			<key>isa</key>
			<string>PBXFileReference</string>
			<key>lastKnownFileType</key>
			<string>text.xcconfig</string>
			<key>name</key>
			<string>Pods-BufferKitDemo.debug.xcconfig</string>
			<key>path</key>
			<string>Pods/Target Support Files/Pods-BufferKitDemo/Pods-BufferKitDemo.debug.xcconfig</string>
			<key>sourceTree</key>
			<string>&lt;group&gt;</string>
		</dict>
		<key>ABDBF1B91ED3C62E0F2A6094</key>
		<dict>
			<key>explicitFileType</key>
			<string>wrapper.framework</string>
			<key>includeInIndex</key>
			<string>0</string>
			<key>isa</key>
			<string>PBXFileReference</string>
			<key>path</key>
			<string>Pods.framework</string>
			<key>sourceTree</key>
			<string>BUILT_PRODUCTS_DIR</string>
		</dict>
		<key>ADC3D89BBBB8EF29F76C7AF0</key>
		<dict>
			<key>includeInIndex</key>
			<string>1</string>
			<key>isa</key>
			<string>PBXFileReference</string>
			<key>lastKnownFileType</key>
			<string>text.xcconfig</string>
			<key>name</key>
			<string>Pods-BufferKitDemoTests.debug.xcconfig</string>
			<key>path</key>
			<string>Pods/Target Support Files/Pods-BufferKitDemoTests/Pods-BufferKitDemoTests.debug.xcconfig</string>
			<key>sourceTree</key>
			<string>&lt;group&gt;</string>
		</dict>
		<key>B7C48C9BEFB994C175253813</key>
		<dict>
			<key>children</key>
			<array>
				<string>768C06FE09F3008D1AE2B746</string>
				<string>26B7FEF4CD8F145022E9419A</string>
				<string>ABDBF1B91ED3C62E0F2A6094</string>
			</array>
			<key>isa</key>
			<string>PBXGroup</string>
			<key>name</key>
			<string>Frameworks</string>
			<key>sourceTree</key>
			<string>&lt;group&gt;</string>
		</dict>
		<key>BDF884C2C141F3ADD5E5097B</key>
		<dict>
			<key>includeInIndex</key>
			<string>1</string>
			<key>isa</key>
			<string>PBXFileReference</string>
			<key>lastKnownFileType</key>
			<string>text.xcconfig</string>
			<key>name</key>
			<string>Pods.debug.xcconfig</string>
			<key>path</key>
			<string>Pods/Target Support Files/Pods/Pods.debug.xcconfig</string>
			<key>sourceTree</key>
			<string>&lt;group&gt;</string>
		</dict>
		<key>D0FE236759B7CA9FF715F3F6</key>
		<dict>
			<key>includeInIndex</key>
			<string>1</string>
			<key>isa</key>
			<string>PBXFileReference</string>
			<key>lastKnownFileType</key>
			<string>text.xcconfig</string>
			<key>name</key>
			<string>Pods-BufferKitDemoTests.release.xcconfig</string>
			<key>path</key>
			<string>Pods/Target Support Files/Pods-BufferKitDemoTests/Pods-BufferKitDemoTests.release.xcconfig</string>
			<key>sourceTree</key>
			<string>&lt;group&gt;</string>
		</dict>
		<key>E748E372D8DEC39CA444E57F</key>
		<dict>
			<key>buildActionMask</key>
			<string>2147483647</string>
			<key>files</key>
			<array/>
			<key>inputPaths</key>
			<array/>
			<key>isa</key>
			<string>PBXShellScriptBuildPhase</string>
			<key>name</key>
			<string>Copy Pods Resources</string>
			<key>outputPaths</key>
			<array/>
			<key>runOnlyForDeploymentPostprocessing</key>
			<string>0</string>
			<key>shellPath</key>
			<string>/bin/sh</string>
			<key>shellScript</key>
			<string>"${SRCROOT}/Pods/Target Support Files/Pods-BufferKitDemo/Pods-BufferKitDemo-resources.sh"
</string>
			<key>showEnvVarsInLog</key>
			<string>0</string>
		</dict>
		<key>F7CBC4E8115E7043176F9B07</key>
		<dict>
			<key>buildActionMask</key>
			<string>2147483647</string>
			<key>files</key>
			<array/>
			<key>inputPaths</key>
			<array/>
			<key>isa</key>
			<string>PBXShellScriptBuildPhase</string>
			<key>name</key>
			<string>Check Pods Manifest.lock</string>
			<key>outputPaths</key>
			<array/>
			<key>runOnlyForDeploymentPostprocessing</key>
			<string>0</string>
			<key>shellPath</key>
			<string>/bin/sh</string>
			<key>shellScript</key>
			<string>diff "${PODS_ROOT}/../Podfile.lock" "${PODS_ROOT}/Manifest.lock" &gt; /dev/null
if [[ $? != 0 ]] ; then
    cat &lt;&lt; EOM
error: The sandbox is not in sync with the Podfile.lock. Run 'pod install' or update your CocoaPods installation.
EOM
    exit 1
fi
</string>
			<key>showEnvVarsInLog</key>
			<string>0</string>
		</dict>
	</dict>
	<key>rootObject</key>
	<string>573D00871C71424200A5DCE1</string>
</dict>
</plist>
