PODS:
  - Alamofire (3.3.0)
  - ChameleonFramework/Default (2.1.0)
  - ChameleonFramework/Swift (2.1.0):
    - ChameleonFramework/Default
  - DZNEmptyDataSet (1.7.3)
  - FontAwesome.swift (0.7.1)
  - JGProgressHUD (1.3.1)
  - Keys (1.0.0)
  - Moya (6.3.1):
    - Moya/Core (= 6.3.1)
  - Moya/Core (6.3.1):
    - Alamofire (~> 3.0)
    - Result (~> 1.0)
  - OAuthSwift (0.5.1)
  - ObjectMapper (1.2.0)
  - Result (1.0.2)
  - SlideMenuControllerSwift (2.0.6)
  - SteviaLayout (2.1.0)
  - thenPromise (1.0.0)

DEPENDENCIES:
  - ChameleonFramework/Swift
  - DZNEmptyDataSet
  - FontAwesome.swift
  - JGProgressHUD
  - Keys (from `Pods/CocoaPodsKeys`)
  - Moya (~> 6.2)
  - OAuthSwift (~> 0.5.0)
  - ObjectMapper (~> 1.1)
  - SlideMenuControllerSwift
  - SteviaLayout
  - thenPromise

EXTERNAL SOURCES:
  Keys:
    :path: Pods/CocoaPodsKeys

SPEC CHECKSUMS:
  Alamofire: 9054db4a1b1ca9e363223183e01cea380159a27c
  ChameleonFramework: d21a3cc247abfe5e37609a283a8238b03575cf64
  DZNEmptyDataSet: dd7cca17c1d07dfa78956859b1e70a52505678ef
  FontAwesome.swift: 21ec9db57af8b92d4b4d6ca8208b9ae07031e828
  JGProgressHUD: 153053a21d81208cb5f659691996bcefce6a9885
  Keys: 7d2ff6ff42f6903358267ce56e9392f83c31acfe
  Moya: 852e26948a3771355ddf0f0109ac779b6fc30f28
  OAuthSwift: d63f7f329f49787319a7e35974c18b10865fe636
  ObjectMapper: b1e9c7c8a9f6400b72690c80072c131504caa66f
  Result: dd3dd71af3fa2e262f1a999e14fba2c25ec14f16
  SlideMenuControllerSwift: 143343f05b79aef3e2bb4dc72a1dc373ffa66d6c
  SteviaLayout: 06d3ddc33ec279aa6ea7352ec254275e0d28c906
  thenPromise: 11f06e2bae530765c3dc2072d7ce1a160154cbd8

COCOAPODS: 0.39.0
