PODS:
  - Alamofire (3.2.1)
  - Moya (6.2.0):
    - Moya/Core (= 6.2.0)
  - Moya/Core (6.2.0):
    - Alamofire (~> 3.0)
    - Result (~> 1.0)
  - OAuthSwift (0.5.0)
  - ObjectMapper (1.1.5)
  - Result (1.0.2)

DEPENDENCIES:
  - Moya (~> 6.2)
  - OAuthSwift (~> 0.5.0)
  - ObjectMapper (~> 1.1)

SPEC CHECKSUMS:
  Alamofire: f11d8624a05f5d39e0c99309b3e600a3ba64298a
  Moya: a5e57a405584177027daab240f4d47baa0722562
  OAuthSwift: f2e0de083739da5697be095c9af2671242a4ed8b
  ObjectMapper: 528b1a6677a6acac7747edd508576983e76a9148
  Result: dd3dd71af3fa2e262f1a999e14fba2c25ec14f16

COCOAPODS: 0.39.0
