// !$*UTF8*$!
{
	archiveVersion = 1;
	classes = {
	};
	objectVersion = 46;
	objects = {

/* Begin PBXBuildFile section */
		57C4BE9B1CBC6227007CB4A3 /* Assets.xcassets in Resources */ = {isa = PBXBuildFile; fileRef = 57C4BE9A1CBC6227007CB4A3 /* Assets.xcassets */; };
		57C4BE9E1CBC6227007CB4A3 /* LaunchScreen.storyboard in Resources */ = {isa = PBXBuildFile; fileRef = 57C4BE9C1CBC6227007CB4A3 /* LaunchScreen.storyboard */; };
		57C4BEB11CBC6273007CB4A3 /* AppDelegate.swift in Sources */ = {isa = PBXBuildFile; fileRef = 57C4BEA61CBC6273007CB4A3 /* AppDelegate.swift */; };
		57C4BEB21CBC6273007CB4A3 /* MainHUD.swift in Sources */ = {isa = PBXBuildFile; fileRef = 57C4BEA71CBC6273007CB4A3 /* MainHUD.swift */; };
		57C4BEB31CBC6273007CB4A3 /* BufferKitManager.swift in Sources */ = {isa = PBXBuildFile; fileRef = 57C4BEA81CBC6273007CB4A3 /* BufferKitManager.swift */; };
		57C4BEB41CBC6273007CB4A3 /* AuthManager.swift in Sources */ = {isa = PBXBuildFile; fileRef = 57C4BEA91CBC6273007CB4A3 /* AuthManager.swift */; };
		57C4BEB51CBC6273007CB4A3 /* Constants.swift in Sources */ = {isa = PBXBuildFile; fileRef = 57C4BEAA1CBC6273007CB4A3 /* Constants.swift */; };
		57C4BEB61CBC6273007CB4A3 /* UIUtilsExtensions.swift in Sources */ = {isa = PBXBuildFile; fileRef = 57C4BEAB1CBC6273007CB4A3 /* UIUtilsExtensions.swift */; };
		57C4BEB71CBC6273007CB4A3 /* MenuHeaderCV.swift in Sources */ = {isa = PBXBuildFile; fileRef = 57C4BEAC1CBC6273007CB4A3 /* MenuHeaderCV.swift */; };
		57C4BEB81CBC6273007CB4A3 /* ProfileMenuVC.swift in Sources */ = {isa = PBXBuildFile; fileRef = 57C4BEAD1CBC6273007CB4A3 /* ProfileMenuVC.swift */; };
		57C4BEB91CBC6273007CB4A3 /* QueueItemView.swift in Sources */ = {isa = PBXBuildFile; fileRef = 57C4BEAE1CBC6273007CB4A3 /* QueueItemView.swift */; };
		57C4BEBA1CBC6273007CB4A3 /* QueueVC.swift in Sources */ = {isa = PBXBuildFile; fileRef = 57C4BEAF1CBC6273007CB4A3 /* QueueVC.swift */; };
		57C4BEBB1CBC6273007CB4A3 /* QueueView.swift in Sources */ = {isa = PBXBuildFile; fileRef = 57C4BEB01CBC6273007CB4A3 /* QueueView.swift */; };
/* End PBXBuildFile section */

/* Begin PBXFileReference section */
		57C4BE901CBC6227007CB4A3 /* BufferSwiftKit Demo.app */ = {isa = PBXFileReference; explicitFileType = wrapper.application; includeInIndex = 0; path = "BufferSwiftKit Demo.app"; sourceTree = BUILT_PRODUCTS_DIR; };
		57C4BE9A1CBC6227007CB4A3 /* Assets.xcassets */ = {isa = PBXFileReference; lastKnownFileType = folder.assetcatalog; path = Assets.xcassets; sourceTree = "<group>"; };
		57C4BE9D1CBC6227007CB4A3 /* Base */ = {isa = PBXFileReference; lastKnownFileType = file.storyboard; name = Base; path = Base.lproj/LaunchScreen.storyboard; sourceTree = "<group>"; };
		57C4BE9F1CBC6227007CB4A3 /* Info.plist */ = {isa = PBXFileReference; lastKnownFileType = text.plist.xml; path = Info.plist; sourceTree = "<group>"; };
		57C4BEA51CBC6272007CB4A3 /* BufferSwiftKit Demo-Bridging-Header.h */ = {isa = PBXFileReference; lastKnownFileType = sourcecode.c.h; path = "BufferSwiftKit Demo-Bridging-Header.h"; sourceTree = "<group>"; };
		57C4BEA61CBC6273007CB4A3 /* AppDelegate.swift */ = {isa = PBXFileReference; fileEncoding = 4; lastKnownFileType = sourcecode.swift; path = AppDelegate.swift; sourceTree = "<group>"; };
		57C4BEA71CBC6273007CB4A3 /* MainHUD.swift */ = {isa = PBXFileReference; fileEncoding = 4; lastKnownFileType = sourcecode.swift; path = MainHUD.swift; sourceTree = "<group>"; };
		57C4BEA81CBC6273007CB4A3 /* BufferKitManager.swift */ = {isa = PBXFileReference; fileEncoding = 4; lastKnownFileType = sourcecode.swift; path = BufferKitManager.swift; sourceTree = "<group>"; };
		57C4BEA91CBC6273007CB4A3 /* AuthManager.swift */ = {isa = PBXFileReference; fileEncoding = 4; lastKnownFileType = sourcecode.swift; path = AuthManager.swift; sourceTree = "<group>"; };
		57C4BEAA1CBC6273007CB4A3 /* Constants.swift */ = {isa = PBXFileReference; fileEncoding = 4; lastKnownFileType = sourcecode.swift; path = Constants.swift; sourceTree = "<group>"; };
		57C4BEAB1CBC6273007CB4A3 /* UIUtilsExtensions.swift */ = {isa = PBXFileReference; fileEncoding = 4; lastKnownFileType = sourcecode.swift; path = UIUtilsExtensions.swift; sourceTree = "<group>"; };
		57C4BEAC1CBC6273007CB4A3 /* MenuHeaderCV.swift */ = {isa = PBXFileReference; fileEncoding = 4; lastKnownFileType = sourcecode.swift; path = MenuHeaderCV.swift; sourceTree = "<group>"; };
		57C4BEAD1CBC6273007CB4A3 /* ProfileMenuVC.swift */ = {isa = PBXFileReference; fileEncoding = 4; lastKnownFileType = sourcecode.swift; path = ProfileMenuVC.swift; sourceTree = "<group>"; };
		57C4BEAE1CBC6273007CB4A3 /* QueueItemView.swift */ = {isa = PBXFileReference; fileEncoding = 4; lastKnownFileType = sourcecode.swift; path = QueueItemView.swift; sourceTree = "<group>"; };
		57C4BEAF1CBC6273007CB4A3 /* QueueVC.swift */ = {isa = PBXFileReference; fileEncoding = 4; lastKnownFileType = sourcecode.swift; path = QueueVC.swift; sourceTree = "<group>"; };
		57C4BEB01CBC6273007CB4A3 /* QueueView.swift */ = {isa = PBXFileReference; fileEncoding = 4; lastKnownFileType = sourcecode.swift; path = QueueView.swift; sourceTree = "<group>"; };
/* End PBXFileReference section */

/* Begin PBXFrameworksBuildPhase section */
		57C4BE8D1CBC6227007CB4A3 /* Frameworks */ = {
			isa = PBXFrameworksBuildPhase;
			buildActionMask = 2147483647;
			files = (
			);
			runOnlyForDeploymentPostprocessing = 0;
		};
/* End PBXFrameworksBuildPhase section */

/* Begin PBXGroup section */
		57C4BE871CBC6227007CB4A3 = {
			isa = PBXGroup;
			children = (
				57C4BE921CBC6227007CB4A3 /* BufferSwiftKit Demo */,
				57C4BE911CBC6227007CB4A3 /* Products */,
			);
			sourceTree = "<group>";
		};
		57C4BE911CBC6227007CB4A3 /* Products */ = {
			isa = PBXGroup;
			children = (
				57C4BE901CBC6227007CB4A3 /* BufferSwiftKit Demo.app */,
			);
			name = Products;
			sourceTree = "<group>";
		};
		57C4BE921CBC6227007CB4A3 /* BufferSwiftKit Demo */ = {
			isa = PBXGroup;
			children = (
				57C4BEA61CBC6273007CB4A3 /* AppDelegate.swift */,
				57C4BEA71CBC6273007CB4A3 /* MainHUD.swift */,
				57C4BEA81CBC6273007CB4A3 /* BufferKitManager.swift */,
				57C4BEA91CBC6273007CB4A3 /* AuthManager.swift */,
				57C4BEAA1CBC6273007CB4A3 /* Constants.swift */,
				57C4BEAB1CBC6273007CB4A3 /* UIUtilsExtensions.swift */,
				57C4BEAC1CBC6273007CB4A3 /* MenuHeaderCV.swift */,
				57C4BEAD1CBC6273007CB4A3 /* ProfileMenuVC.swift */,
				57C4BEAE1CBC6273007CB4A3 /* QueueItemView.swift */,
				57C4BEAF1CBC6273007CB4A3 /* QueueVC.swift */,
				57C4BEB01CBC6273007CB4A3 /* QueueView.swift */,
				57C4BE9A1CBC6227007CB4A3 /* Assets.xcassets */,
				57C4BE9C1CBC6227007CB4A3 /* LaunchScreen.storyboard */,
				57C4BE9F1CBC6227007CB4A3 /* Info.plist */,
				57C4BEA51CBC6272007CB4A3 /* BufferSwiftKit Demo-Bridging-Header.h */,
			);
			path = "BufferSwiftKit Demo";
			sourceTree = "<group>";
		};
/* End PBXGroup section */

/* Begin PBXNativeTarget section */
		57C4BE8F1CBC6227007CB4A3 /* BufferSwiftKit Demo */ = {
			isa = PBXNativeTarget;
			buildConfigurationList = 57C4BEA21CBC6227007CB4A3 /* Build configuration list for PBXNativeTarget "BufferSwiftKit Demo" */;
			buildPhases = (
				57C4BE8C1CBC6227007CB4A3 /* Sources */,
				57C4BE8D1CBC6227007CB4A3 /* Frameworks */,
				57C4BE8E1CBC6227007CB4A3 /* Resources */,
			);
			buildRules = (
			);
			dependencies = (
			);
			name = "BufferSwiftKit Demo";
			productName = "BufferSwiftKit Demo";
			productReference = 57C4BE901CBC6227007CB4A3 /* BufferSwiftKit Demo.app */;
			productType = "com.apple.product-type.application";
		};
/* End PBXNativeTarget section */

/* Begin PBXProject section */
		57C4BE881CBC6227007CB4A3 /* Project object */ = {
			isa = PBXProject;
			attributes = {
				LastSwiftUpdateCheck = 0730;
				LastUpgradeCheck = 0730;
				ORGANIZATIONNAME = Buffer;
				TargetAttributes = {
					57C4BE8F1CBC6227007CB4A3 = {
						CreatedOnToolsVersion = 7.3;
					};
				};
			};
			buildConfigurationList = 57C4BE8B1CBC6227007CB4A3 /* Build configuration list for PBXProject "BufferSwiftKit Demo" */;
			compatibilityVersion = "Xcode 3.2";
			developmentRegion = English;
			hasScannedForEncodings = 0;
			knownRegions = (
				en,
				Base,
			);
			mainGroup = 57C4BE871CBC6227007CB4A3;
			productRefGroup = 57C4BE911CBC6227007CB4A3 /* Products */;
			projectDirPath = "";
			projectRoot = "";
			targets = (
				57C4BE8F1CBC6227007CB4A3 /* BufferSwiftKit Demo */,
			);
		};
/* End PBXProject section */

/* Begin PBXResourcesBuildPhase section */
		57C4BE8E1CBC6227007CB4A3 /* Resources */ = {
			isa = PBXResourcesBuildPhase;
			buildActionMask = 2147483647;
			files = (
				57C4BE9E1CBC6227007CB4A3 /* LaunchScreen.storyboard in Resources */,
				57C4BE9B1CBC6227007CB4A3 /* Assets.xcassets in Resources */,
			);
			runOnlyForDeploymentPostprocessing = 0;
		};
/* End PBXResourcesBuildPhase section */

/* Begin PBXSourcesBuildPhase section */
		57C4BE8C1CBC6227007CB4A3 /* Sources */ = {
			isa = PBXSourcesBuildPhase;
			buildActionMask = 2147483647;
			files = (
				57C4BEBA1CBC6273007CB4A3 /* QueueVC.swift in Sources */,
				57C4BEBB1CBC6273007CB4A3 /* QueueView.swift in Sources */,
				57C4BEB51CBC6273007CB4A3 /* Constants.swift in Sources */,
				57C4BEB21CBC6273007CB4A3 /* MainHUD.swift in Sources */,
				57C4BEB91CBC6273007CB4A3 /* QueueItemView.swift in Sources */,
				57C4BEB71CBC6273007CB4A3 /* MenuHeaderCV.swift in Sources */,
				57C4BEB41CBC6273007CB4A3 /* AuthManager.swift in Sources */,
				57C4BEB61CBC6273007CB4A3 /* UIUtilsExtensions.swift in Sources */,
				57C4BEB81CBC6273007CB4A3 /* ProfileMenuVC.swift in Sources */,
				57C4BEB11CBC6273007CB4A3 /* AppDelegate.swift in Sources */,
				57C4BEB31CBC6273007CB4A3 /* BufferKitManager.swift in Sources */,
			);
			runOnlyForDeploymentPostprocessing = 0;
		};
/* End PBXSourcesBuildPhase section */

/* Begin PBXVariantGroup section */
		57C4BE9C1CBC6227007CB4A3 /* LaunchScreen.storyboard */ = {
			isa = PBXVariantGroup;
			children = (
				57C4BE9D1CBC6227007CB4A3 /* Base */,
			);
			name = LaunchScreen.storyboard;
			sourceTree = "<group>";
		};
/* End PBXVariantGroup section */

/* Begin XCBuildConfiguration section */
		57C4BEA01CBC6227007CB4A3 /* Debug */ = {
			isa = XCBuildConfiguration;
			buildSettings = {
				ALWAYS_SEARCH_USER_PATHS = NO;
				CLANG_ANALYZER_NONNULL = YES;
				CLANG_CXX_LANGUAGE_STANDARD = "gnu++0x";
				CLANG_CXX_LIBRARY = "libc++";
				CLANG_ENABLE_MODULES = YES;
				CLANG_ENABLE_OBJC_ARC = YES;
				CLANG_WARN_BOOL_CONVERSION = YES;
				CLANG_WARN_CONSTANT_CONVERSION = YES;
				CLANG_WARN_DIRECT_OBJC_ISA_USAGE = YES_ERROR;
				CLANG_WARN_EMPTY_BODY = YES;
				CLANG_WARN_ENUM_CONVERSION = YES;
				CLANG_WARN_INT_CONVERSION = YES;
				CLANG_WARN_OBJC_ROOT_CLASS = YES_ERROR;
				CLANG_WARN_UNREACHABLE_CODE = YES;
				CLANG_WARN__DUPLICATE_METHOD_MATCH = YES;
				"CODE_SIGN_IDENTITY[sdk=iphoneos*]" = "iPhone Developer";
				COPY_PHASE_STRIP = NO;
				DEBUG_INFORMATION_FORMAT = dwarf;
				ENABLE_STRICT_OBJC_MSGSEND = YES;
				ENABLE_TESTABILITY = YES;
				GCC_C_LANGUAGE_STANDARD = gnu99;
				GCC_DYNAMIC_NO_PIC = NO;
				GCC_NO_COMMON_BLOCKS = YES;
				GCC_OPTIMIZATION_LEVEL = 0;
				GCC_PREPROCESSOR_DEFINITIONS = (
					"DEBUG=1",
					"$(inherited)",
				);
				GCC_WARN_64_TO_32_BIT_CONVERSION = YES;
				GCC_WARN_ABOUT_RETURN_TYPE = YES_ERROR;
				GCC_WARN_UNDECLARED_SELECTOR = YES;
				GCC_WARN_UNINITIALIZED_AUTOS = YES_AGGRESSIVE;
				GCC_WARN_UNUSED_FUNCTION = YES;
				GCC_WARN_UNUSED_VARIABLE = YES;
				IPHONEOS_DEPLOYMENT_TARGET = 9.3;
				MTL_ENABLE_DEBUG_INFO = YES;
				ONLY_ACTIVE_ARCH = YES;
				SDKROOT = iphoneos;
				SWIFT_OPTIMIZATION_LEVEL = "-Onone";
				TARGETED_DEVICE_FAMILY = "1,2";
			};
			name = Debug;
		};
		57C4BEA11CBC6227007CB4A3 /* Release */ = {
			isa = XCBuildConfiguration;
			buildSettings = {
				ALWAYS_SEARCH_USER_PATHS = NO;
				CLANG_ANALYZER_NONNULL = YES;
				CLANG_CXX_LANGUAGE_STANDARD = "gnu++0x";
				CLANG_CXX_LIBRARY = "libc++";
				CLANG_ENABLE_MODULES = YES;
				CLANG_ENABLE_OBJC_ARC = YES;
				CLANG_WARN_BOOL_CONVERSION = YES;
				CLANG_WARN_CONSTANT_CONVERSION = YES;
				CLANG_WARN_DIRECT_OBJC_ISA_USAGE = YES_ERROR;
				CLANG_WARN_EMPTY_BODY = YES;
				CLANG_WARN_ENUM_CONVERSION = YES;
				CLANG_WARN_INT_CONVERSION = YES;
				CLANG_WARN_OBJC_ROOT_CLASS = YES_ERROR;
				CLANG_WARN_UNREACHABLE_CODE = YES;
				CLANG_WARN__DUPLICATE_METHOD_MATCH = YES;
				"CODE_SIGN_IDENTITY[sdk=iphoneos*]" = "iPhone Developer";
				COPY_PHASE_STRIP = NO;
				DEBUG_INFORMATION_FORMAT = "dwarf-with-dsym";
				ENABLE_NS_ASSERTIONS = NO;
				ENABLE_STRICT_OBJC_MSGSEND = YES;
				GCC_C_LANGUAGE_STANDARD = gnu99;
				GCC_NO_COMMON_BLOCKS = YES;
				GCC_WARN_64_TO_32_BIT_CONVERSION = YES;
				GCC_WARN_ABOUT_RETURN_TYPE = YES_ERROR;
				GCC_WARN_UNDECLARED_SELECTOR = YES;
				GCC_WARN_UNINITIALIZED_AUTOS = YES_AGGRESSIVE;
				GCC_WARN_UNUSED_FUNCTION = YES;
				GCC_WARN_UNUSED_VARIABLE = YES;
				IPHONEOS_DEPLOYMENT_TARGET = 9.3;
				MTL_ENABLE_DEBUG_INFO = NO;
				SDKROOT = iphoneos;
				TARGETED_DEVICE_FAMILY = "1,2";
				VALIDATE_PRODUCT = YES;
			};
			name = Release;
		};
		57C4BEA31CBC6227007CB4A3 /* Debug */ = {
			isa = XCBuildConfiguration;
			buildSettings = {
				ASSETCATALOG_COMPILER_APPICON_NAME = AppIcon;
				CLANG_ENABLE_MODULES = YES;
				INFOPLIST_FILE = "BufferSwiftKit Demo/Info.plist";
				LD_RUNPATH_SEARCH_PATHS = "$(inherited) @executable_path/Frameworks";
				PRODUCT_BUNDLE_IDENTIFIER = "com.buffer.bsk.BufferSwiftKit-Demo";
				PRODUCT_NAME = "$(TARGET_NAME)";
				SWIFT_OBJC_BRIDGING_HEADER = "BufferSwiftKit Demo/BufferSwiftKit Demo-Bridging-Header.h";
				SWIFT_OPTIMIZATION_LEVEL = "-Onone";
			};
			name = Debug;
		};
		57C4BEA41CBC6227007CB4A3 /* Release */ = {
			isa = XCBuildConfiguration;
			buildSettings = {
				ASSETCATALOG_COMPILER_APPICON_NAME = AppIcon;
				CLANG_ENABLE_MODULES = YES;
				INFOPLIST_FILE = "BufferSwiftKit Demo/Info.plist";
				LD_RUNPATH_SEARCH_PATHS = "$(inherited) @executable_path/Frameworks";
				PRODUCT_BUNDLE_IDENTIFIER = "com.buffer.bsk.BufferSwiftKit-Demo";
				PRODUCT_NAME = "$(TARGET_NAME)";
				SWIFT_OBJC_BRIDGING_HEADER = "BufferSwiftKit Demo/BufferSwiftKit Demo-Bridging-Header.h";
			};
			name = Release;
		};
/* End XCBuildConfiguration section */

/* Begin XCConfigurationList section */
		57C4BE8B1CBC6227007CB4A3 /* Build configuration list for PBXProject "BufferSwiftKit Demo" */ = {
			isa = XCConfigurationList;
			buildConfigurations = (
				57C4BEA01CBC6227007CB4A3 /* Debug */,
				57C4BEA11CBC6227007CB4A3 /* Release */,
			);
			defaultConfigurationIsVisible = 0;
			defaultConfigurationName = Release;
		};
		57C4BEA21CBC6227007CB4A3 /* Build configuration list for PBXNativeTarget "BufferSwiftKit Demo" */ = {
			isa = XCConfigurationList;
			buildConfigurations = (
				57C4BEA31CBC6227007CB4A3 /* Debug */,
				57C4BEA41CBC6227007CB4A3 /* Release */,
			);
			defaultConfigurationIsVisible = 0;
		};
/* End XCConfigurationList section */
	};
	rootObject = 57C4BE881CBC6227007CB4A3 /* Project object */;
}
